// !$*UTF8*$!
{
	archiveVersion = 1;
	classes = {
	};
	objectVersion = 50;
	objects = {

/* Begin PBXBuildFile section */
		9346CBB1245C427C008D54E5 /* navigation-plugin-invalid.json in Resources */ = {isa = PBXBuildFile; fileRef = 9346CBB0245C427C008D54E5 /* navigation-plugin-invalid.json */; };
		9346CBB3245C436B008D54E5 /* WireframeError.swift in Sources */ = {isa = PBXBuildFile; fileRef = 9346CBB2245C436B008D54E5 /* WireframeError.swift */; };
		9346CBB5245C4558008D54E5 /* ErrorViewController.swift in Sources */ = {isa = PBXBuildFile; fileRef = 9346CBB4245C4558008D54E5 /* ErrorViewController.swift */; };
		9346CBB7245C8C32008D54E5 /* NavigationPluginDatasource.swift in Sources */ = {isa = PBXBuildFile; fileRef = 9346CBB6245C8C32008D54E5 /* NavigationPluginDatasource.swift */; };
		9346CBB9245DAA9E008D54E5 /* navigation-button-unknown-target.json in Resources */ = {isa = PBXBuildFile; fileRef = 9346CBB8245DAA9E008D54E5 /* navigation-button-unknown-target.json */; };
		9346CBE3245DB708008D54E5 /* NavigationTests.swift in Sources */ = {isa = PBXBuildFile; fileRef = 9346CBE2245DB708008D54E5 /* NavigationTests.swift */; };
		9346CBEE245DB782008D54E5 /* home.json in Resources */ = {isa = PBXBuildFile; fileRef = 9346CBED245DB782008D54E5 /* home.json */; };
		9346CBF0245DBEED008D54E5 /* NavigationTestsBundle.swift in Sources */ = {isa = PBXBuildFile; fileRef = 9346CBEF245DBEED008D54E5 /* NavigationTestsBundle.swift */; };
		9346CBF2245DC3EB008D54E5 /* home-unknown-target.json in Resources */ = {isa = PBXBuildFile; fileRef = 9346CBF1245DC3EB008D54E5 /* home-unknown-target.json */; };
		9346CBF4245DC522008D54E5 /* navigation-home.json in Resources */ = {isa = PBXBuildFile; fileRef = 9346CBF3245DC522008D54E5 /* navigation-home.json */; };
		9346CBF6245DC531008D54E5 /* MockNavigation.swift in Sources */ = {isa = PBXBuildFile; fileRef = 9346CBF5245DC531008D54E5 /* MockNavigation.swift */; };
		9346CBF8245DC8B8008D54E5 /* navigations.json in Resources */ = {isa = PBXBuildFile; fileRef = 9346CBF7245DC8B8008D54E5 /* navigations.json */; };
		9346CBFA245DCA58008D54E5 /* navigations-invalid.json in Resources */ = {isa = PBXBuildFile; fileRef = 9346CBF9245DCA58008D54E5 /* navigations-invalid.json */; };
		9346CBFD245DE24D008D54E5 /* navigation-button.json in Resources */ = {isa = PBXBuildFile; fileRef = 9346CBFB245DE24D008D54E5 /* navigation-button.json */; };
		9346CBFE245DE24D008D54E5 /* navigation-button-invalid.json in Resources */ = {isa = PBXBuildFile; fileRef = 9346CBFC245DE24D008D54E5 /* navigation-button-invalid.json */; };
		9346CC00245DE36F008D54E5 /* navigation-button-invalid-target.json in Resources */ = {isa = PBXBuildFile; fileRef = 9346CBFF245DE36F008D54E5 /* navigation-button-invalid-target.json */; };
		9346CC02245DE44E008D54E5 /* navigation-button-invalid-type.json in Resources */ = {isa = PBXBuildFile; fileRef = 9346CC01245DE44E008D54E5 /* navigation-button-invalid-type.json */; };
		9346CC05245DE4BF008D54E5 /* navigation-button-basic.json in Resources */ = {isa = PBXBuildFile; fileRef = 9346CC04245DE4BF008D54E5 /* navigation-button-basic.json */; };
		9346CC07245DE6E7008D54E5 /* navigation-button-icon-invalid.json in Resources */ = {isa = PBXBuildFile; fileRef = 9346CC06245DE6E7008D54E5 /* navigation-button-icon-invalid.json */; };
		9346CC0F245EAFD5008D54E5 /* ListViewTests.swift in Sources */ = {isa = PBXBuildFile; fileRef = 9346CC0E245EAFD5008D54E5 /* ListViewTests.swift */; };
		9346CC11245EAFD5008D54E5 /* Wireframe.framework in Frameworks */ = {isa = PBXBuildFile; fileRef = 9394E2F3245AB551007F2325 /* Wireframe.framework */; };
		9346CC1A245EB104008D54E5 /* list-view.json in Resources */ = {isa = PBXBuildFile; fileRef = 9346CC19245EB104008D54E5 /* list-view.json */; };
		9346CC1E245ED011008D54E5 /* ListItemPluginTests.swift in Sources */ = {isa = PBXBuildFile; fileRef = 9346CC1D245ED011008D54E5 /* ListItemPluginTests.swift */; };
		9346CC20245ED63B008D54E5 /* label-list-item-plugin.json in Resources */ = {isa = PBXBuildFile; fileRef = 9346CC1F245ED63B008D54E5 /* label-list-item-plugin.json */; };
		9346CC27245EDFFC008D54E5 /* label-list-items-plugin.json in Resources */ = {isa = PBXBuildFile; fileRef = 9346CC26245EDFFC008D54E5 /* label-list-items-plugin.json */; };
		9346CC38245EF00C008D54E5 /* ListItemPlugin.framework in Frameworks */ = {isa = PBXBuildFile; fileRef = 9346CC2F245EF00C008D54E5 /* ListItemPlugin.framework */; };
		9346CC3D245EF00C008D54E5 /* ListItemPluginTests.swift in Sources */ = {isa = PBXBuildFile; fileRef = 9346CC3C245EF00C008D54E5 /* ListItemPluginTests.swift */; };
		9346CC3F245EF00C008D54E5 /* ListItemPlugin.h in Headers */ = {isa = PBXBuildFile; fileRef = 9346CC31245EF00C008D54E5 /* ListItemPlugin.h */; settings = {ATTRIBUTES = (Public, ); }; };
		9346CC46245EF030008D54E5 /* ListItem.swift in Sources */ = {isa = PBXBuildFile; fileRef = 9346CC22245EDC38008D54E5 /* ListItem.swift */; };
		9346CC47245EF033008D54E5 /* ListItemType.swift in Sources */ = {isa = PBXBuildFile; fileRef = 9346CC28245EEA6E008D54E5 /* ListItemType.swift */; };
		9346CC48245EF038008D54E5 /* ListItemPlugin.swift in Sources */ = {isa = PBXBuildFile; fileRef = 9346CC1B245ECF09008D54E5 /* ListItemPlugin.swift */; };
		9346CC49245EF03B008D54E5 /* LabelListItemPlugin.swift in Sources */ = {isa = PBXBuildFile; fileRef = 9346CC24245EDC64008D54E5 /* LabelListItemPlugin.swift */; };
		9346CC4B245EF058008D54E5 /* ListItemPluginError.swift in Sources */ = {isa = PBXBuildFile; fileRef = 9346CC4A245EF058008D54E5 /* ListItemPluginError.swift */; };
		9346CC4D245EF0A3008D54E5 /* ListItemPluginsManager.swift in Sources */ = {isa = PBXBuildFile; fileRef = 9346CC4C245EF0A3008D54E5 /* ListItemPluginsManager.swift */; };
		9346CC4F245EF132008D54E5 /* ListItemPlugin.framework in Frameworks */ = {isa = PBXBuildFile; fileRef = 9346CC2F245EF00C008D54E5 /* ListItemPlugin.framework */; };
		9346CC50245EF132008D54E5 /* ListItemPlugin.framework in Embed Frameworks */ = {isa = PBXBuildFile; fileRef = 9346CC2F245EF00C008D54E5 /* ListItemPlugin.framework */; settings = {ATTRIBUTES = (CodeSignOnCopy, RemoveHeadersOnCopy, ); }; };
		9346CC54245EF13B008D54E5 /* ListItemPlugin.framework in Frameworks */ = {isa = PBXBuildFile; fileRef = 9346CC2F245EF00C008D54E5 /* ListItemPlugin.framework */; };
		9346CC55245EF13B008D54E5 /* ListItemPlugin.framework in Embed Frameworks */ = {isa = PBXBuildFile; fileRef = 9346CC2F245EF00C008D54E5 /* ListItemPlugin.framework */; settings = {ATTRIBUTES = (CodeSignOnCopy, RemoveHeadersOnCopy, ); }; };
		9346CC5B245EF2F6008D54E5 /* ListView.swift in Sources */ = {isa = PBXBuildFile; fileRef = 9346CC5A245EF2F6008D54E5 /* ListView.swift */; };
		9346CC5D245EF6D4008D54E5 /* ImagePlugin.swift in Sources */ = {isa = PBXBuildFile; fileRef = 9346CC5C245EF6D4008D54E5 /* ImagePlugin.swift */; };
		9346CC5E245EFB4D008D54E5 /* UIEdgeInsets.swift in Sources */ = {isa = PBXBuildFile; fileRef = 9394E2D2245A14C3007F2325 /* UIEdgeInsets.swift */; };
		9346CC5F245EFB4D008D54E5 /* Optional.swift in Sources */ = {isa = PBXBuildFile; fileRef = 9394E2D0245A1151007F2325 /* Optional.swift */; };
		9346CC60245EFB4D008D54E5 /* Constraint.swift in Sources */ = {isa = PBXBuildFile; fileRef = 9394E261245A103C007F2325 /* Constraint.swift */; };
		9346CC62245F1580008D54E5 /* ListViewController.swift in Sources */ = {isa = PBXBuildFile; fileRef = 9346CC61245F1580008D54E5 /* ListViewController.swift */; };
		9346CC64245F17FB008D54E5 /* ListCell.swift in Sources */ = {isa = PBXBuildFile; fileRef = 9346CC63245F17FB008D54E5 /* ListCell.swift */; };
		9346CC66245F181C008D54E5 /* ListViewPresentor.swift in Sources */ = {isa = PBXBuildFile; fileRef = 9346CC65245F181C008D54E5 /* ListViewPresentor.swift */; };
		9346CC68245F1BD3008D54E5 /* ListItemPluginDelegate.swift in Sources */ = {isa = PBXBuildFile; fileRef = 9346CC67245F1BD3008D54E5 /* ListItemPluginDelegate.swift */; };
		9346CC6B245F1D4A008D54E5 /* DetailedLabelListItemPluginImpl.swift in Sources */ = {isa = PBXBuildFile; fileRef = 9346CC6A245F1D4A008D54E5 /* DetailedLabelListItemPluginImpl.swift */; };
		93687771245C33E80077E79A /* navigation-plugin.json in Resources */ = {isa = PBXBuildFile; fileRef = 93687770245C33E80077E79A /* navigation-plugin.json */; };
		93687773245C34510077E79A /* NavigationPluginTests.swift in Sources */ = {isa = PBXBuildFile; fileRef = 93687772245C34510077E79A /* NavigationPluginTests.swift */; };
		93687776245C34690077E79A /* MockNavigationPlugin.swift in Sources */ = {isa = PBXBuildFile; fileRef = 93687775245C34690077E79A /* MockNavigationPlugin.swift */; };
		938069EA245BCBBC00B051AD /* NavigationPlugin.swift in Sources */ = {isa = PBXBuildFile; fileRef = 938069E9245BCBBC00B051AD /* NavigationPlugin.swift */; };
		9394E23B245A085F007F2325 /* AppDelegate.swift in Sources */ = {isa = PBXBuildFile; fileRef = 9394E23A245A085F007F2325 /* AppDelegate.swift */; };
		9394E23F245A085F007F2325 /* ViewController.swift in Sources */ = {isa = PBXBuildFile; fileRef = 9394E23E245A085F007F2325 /* ViewController.swift */; };
		9394E242245A085F007F2325 /* Main.storyboard in Resources */ = {isa = PBXBuildFile; fileRef = 9394E240245A085F007F2325 /* Main.storyboard */; };
		9394E244245A0860007F2325 /* Assets.xcassets in Resources */ = {isa = PBXBuildFile; fileRef = 9394E243245A0860007F2325 /* Assets.xcassets */; };
		9394E247245A0860007F2325 /* LaunchScreen.storyboard in Resources */ = {isa = PBXBuildFile; fileRef = 9394E245245A0860007F2325 /* LaunchScreen.storyboard */; };
		9394E252245A0860007F2325 /* JSONWireframeTests.swift in Sources */ = {isa = PBXBuildFile; fileRef = 9394E251245A0860007F2325 /* JSONWireframeTests.swift */; };
		9394E25E245A087A007F2325 /* wireframe.json in Resources */ = {isa = PBXBuildFile; fileRef = 9394E25D245A087A007F2325 /* wireframe.json */; };
		9394E2E6245A2DF2007F2325 /* ProfilePlugin.swift in Sources */ = {isa = PBXBuildFile; fileRef = 9394E2E5245A2DF2007F2325 /* ProfilePlugin.swift */; };
		9394E2FC245AB551007F2325 /* Wireframe.framework in Frameworks */ = {isa = PBXBuildFile; fileRef = 9394E2F3245AB551007F2325 /* Wireframe.framework */; };
		9394E303245AB551007F2325 /* WireframeTests.swift in Sources */ = {isa = PBXBuildFile; fileRef = 9394E302245AB551007F2325 /* WireframeTests.swift */; };
		9394E305245AB551007F2325 /* Wireframe.h in Headers */ = {isa = PBXBuildFile; fileRef = 9394E2F5245AB551007F2325 /* Wireframe.h */; settings = {ATTRIBUTES = (Public, ); }; };
		9394E308245AB551007F2325 /* Wireframe.framework in Frameworks */ = {isa = PBXBuildFile; fileRef = 9394E2F3245AB551007F2325 /* Wireframe.framework */; };
		9394E309245AB551007F2325 /* Wireframe.framework in Embed Frameworks */ = {isa = PBXBuildFile; fileRef = 9394E2F3245AB551007F2325 /* Wireframe.framework */; settings = {ATTRIBUTES = (CodeSignOnCopy, RemoveHeadersOnCopy, ); }; };
		9394E310245AB585007F2325 /* Wireframe.swift in Sources */ = {isa = PBXBuildFile; fileRef = 9394E25F245A08E9007F2325 /* Wireframe.swift */; };
		9394E311245AB585007F2325 /* NavigationButtonType.swift in Sources */ = {isa = PBXBuildFile; fileRef = 9394E2D5245A21A3007F2325 /* NavigationButtonType.swift */; };
		9394E312245AB585007F2325 /* NavigationButton.swift in Sources */ = {isa = PBXBuildFile; fileRef = 9394E2D7245A21B8007F2325 /* NavigationButton.swift */; };
		9394E313245AB585007F2325 /* Navigation.swift in Sources */ = {isa = PBXBuildFile; fileRef = 9394E2D9245A21CE007F2325 /* Navigation.swift */; };
		9394E314245AB585007F2325 /* Route.swift in Sources */ = {isa = PBXBuildFile; fileRef = 9394E2DB245A21E1007F2325 /* Route.swift */; };
		9394E315245AB585007F2325 /* WireframeData.swift in Sources */ = {isa = PBXBuildFile; fileRef = 9394E2DD245A21F4007F2325 /* WireframeData.swift */; };
		9394E316245AB585007F2325 /* RouteButton.swift in Sources */ = {isa = PBXBuildFile; fileRef = 9394E2DF245A221C007F2325 /* RouteButton.swift */; };
		9394E317245AB585007F2325 /* View.swift in Sources */ = {isa = PBXBuildFile; fileRef = 9394E2E1245A223B007F2325 /* View.swift */; };
		9394E318245AB585007F2325 /* Plugin.swift in Sources */ = {isa = PBXBuildFile; fileRef = 9394E2E3245A2C20007F2325 /* Plugin.swift */; };
		9394E319245AB585007F2325 /* PluginManager.swift in Sources */ = {isa = PBXBuildFile; fileRef = 9394E2E7245AB188007F2325 /* PluginManager.swift */; };
		9394E31A245AB585007F2325 /* RoutableView.swift in Sources */ = {isa = PBXBuildFile; fileRef = 9394E2E9245AB1A7007F2325 /* RoutableView.swift */; };
		9394E31B245AB585007F2325 /* WireframeDatasource.swift in Sources */ = {isa = PBXBuildFile; fileRef = 9394E2EB245AB4B5007F2325 /* WireframeDatasource.swift */; };
		9394E31D245AB58B007F2325 /* Optional.swift in Sources */ = {isa = PBXBuildFile; fileRef = 9394E2D0245A1151007F2325 /* Optional.swift */; };
		9394E31E245AB58B007F2325 /* Constraint.swift in Sources */ = {isa = PBXBuildFile; fileRef = 9394E261245A103C007F2325 /* Constraint.swift */; };
		9394E320245AB6D9007F2325 /* NavigationButtonTests.swift in Sources */ = {isa = PBXBuildFile; fileRef = 9394E31F245AB6D9007F2325 /* NavigationButtonTests.swift */; };
		9394E322245AB722007F2325 /* NavigationTests.swift in Sources */ = {isa = PBXBuildFile; fileRef = 9394E321245AB722007F2325 /* NavigationTests.swift */; };
		9394E324245AB72C007F2325 /* RouteTests.swift in Sources */ = {isa = PBXBuildFile; fileRef = 9394E323245AB72C007F2325 /* RouteTests.swift */; };
		9394E326245AB73A007F2325 /* WireframeDataTests.swift in Sources */ = {isa = PBXBuildFile; fileRef = 9394E325245AB73A007F2325 /* WireframeDataTests.swift */; };
		9394E328245AB746007F2325 /* RouteButtonTests.swift in Sources */ = {isa = PBXBuildFile; fileRef = 9394E327245AB746007F2325 /* RouteButtonTests.swift */; };
		9394E32A245AB753007F2325 /* ViewTests.swift in Sources */ = {isa = PBXBuildFile; fileRef = 9394E329245AB753007F2325 /* ViewTests.swift */; };
		9394E32D245AB77D007F2325 /* MockRouteButtonDelegate.swift in Sources */ = {isa = PBXBuildFile; fileRef = 9394E32C245AB77D007F2325 /* MockRouteButtonDelegate.swift */; };
		9394E32F245AB7C4007F2325 /* MockPlugin.swift in Sources */ = {isa = PBXBuildFile; fileRef = 9394E32E245AB7C4007F2325 /* MockPlugin.swift */; };
		9394E331245AB875007F2325 /* MockWireframeDatasource.swift in Sources */ = {isa = PBXBuildFile; fileRef = 9394E330245AB875007F2325 /* MockWireframeDatasource.swift */; };
		9394E334245AB926007F2325 /* root.json in Resources */ = {isa = PBXBuildFile; fileRef = 9394E333245AB926007F2325 /* root.json */; };
		9394E336245AC985007F2325 /* subroutes.json in Resources */ = {isa = PBXBuildFile; fileRef = 9394E335245AC985007F2325 /* subroutes.json */; };
		9394E338245ACDF7007F2325 /* navigation-right-buttons.json in Resources */ = {isa = PBXBuildFile; fileRef = 9394E337245ACDF7007F2325 /* navigation-right-buttons.json */; };
		9394E33A245ADBD5007F2325 /* navigation-key.json in Resources */ = {isa = PBXBuildFile; fileRef = 9394E339245ADBD5007F2325 /* navigation-key.json */; };
		9394E33D245AE29A007F2325 /* TabBarView.swift in Sources */ = {isa = PBXBuildFile; fileRef = 9394E33C245AE29A007F2325 /* TabBarView.swift */; };
		9394E33F245AED9A007F2325 /* NavigationManager.swift in Sources */ = {isa = PBXBuildFile; fileRef = 9394E33E245AED9A007F2325 /* NavigationManager.swift */; };
		9394E341245B01FB007F2325 /* Icon.swift in Sources */ = {isa = PBXBuildFile; fileRef = 9394E340245B01FB007F2325 /* Icon.swift */; };
		9394E344245B11B4007F2325 /* Dismiss.swift in Sources */ = {isa = PBXBuildFile; fileRef = 9394E343245B11B4007F2325 /* Dismiss.swift */; };
		9394E346245B16B2007F2325 /* DefaultRoute.swift in Sources */ = {isa = PBXBuildFile; fileRef = 9394E345245B16B2007F2325 /* DefaultRoute.swift */; };
/* End PBXBuildFile section */

/* Begin PBXContainerItemProxy section */
		9346CBEA245DB71C008D54E5 /* PBXContainerItemProxy */ = {
			isa = PBXContainerItemProxy;
			containerPortal = 9394E22F245A085F007F2325 /* Project object */;
			proxyType = 1;
			remoteGlobalIDString = 9394E2F2245AB551007F2325;
			remoteInfo = Wireframe;
		};
		9346CC12245EAFD5008D54E5 /* PBXContainerItemProxy */ = {
			isa = PBXContainerItemProxy;
			containerPortal = 9394E22F245A085F007F2325 /* Project object */;
			proxyType = 1;
			remoteGlobalIDString = 9394E2F2245AB551007F2325;
			remoteInfo = Wireframe;
		};
		9346CC39245EF00C008D54E5 /* PBXContainerItemProxy */ = {
			isa = PBXContainerItemProxy;
			containerPortal = 9394E22F245A085F007F2325 /* Project object */;
			proxyType = 1;
			remoteGlobalIDString = 9346CC2E245EF00C008D54E5;
			remoteInfo = ListItemPlugin;
		};
		9346CC51245EF132008D54E5 /* PBXContainerItemProxy */ = {
			isa = PBXContainerItemProxy;
			containerPortal = 9394E22F245A085F007F2325 /* Project object */;
			proxyType = 1;
			remoteGlobalIDString = 9346CC2E245EF00C008D54E5;
			remoteInfo = ListItemPlugin;
		};
		9346CC56245EF13B008D54E5 /* PBXContainerItemProxy */ = {
			isa = PBXContainerItemProxy;
			containerPortal = 9394E22F245A085F007F2325 /* Project object */;
			proxyType = 1;
			remoteGlobalIDString = 9346CC2E245EF00C008D54E5;
			remoteInfo = ListItemPlugin;
		};
		9346CC58245EF145008D54E5 /* PBXContainerItemProxy */ = {
			isa = PBXContainerItemProxy;
			containerPortal = 9394E22F245A085F007F2325 /* Project object */;
			proxyType = 1;
			remoteGlobalIDString = 9346CC2E245EF00C008D54E5;
			remoteInfo = ListItemPlugin;
		};
		9394E24E245A0860007F2325 /* PBXContainerItemProxy */ = {
			isa = PBXContainerItemProxy;
			containerPortal = 9394E22F245A085F007F2325 /* Project object */;
			proxyType = 1;
			remoteGlobalIDString = 9394E236245A085F007F2325;
			remoteInfo = JSONWireframe;
		};
		9394E2FD245AB551007F2325 /* PBXContainerItemProxy */ = {
			isa = PBXContainerItemProxy;
			containerPortal = 9394E22F245A085F007F2325 /* Project object */;
			proxyType = 1;
			remoteGlobalIDString = 9394E2F2245AB551007F2325;
			remoteInfo = Wireframe;
		};
		9394E306245AB551007F2325 /* PBXContainerItemProxy */ = {
			isa = PBXContainerItemProxy;
			containerPortal = 9394E22F245A085F007F2325 /* Project object */;
			proxyType = 1;
			remoteGlobalIDString = 9394E2F2245AB551007F2325;
			remoteInfo = Wireframe;
		};
/* End PBXContainerItemProxy section */

/* Begin PBXCopyFilesBuildPhase section */
		9346CC53245EF132008D54E5 /* Embed Frameworks */ = {
			isa = PBXCopyFilesBuildPhase;
			buildActionMask = 2147483647;
			dstPath = "";
			dstSubfolderSpec = 10;
			files = (
				9346CC50245EF132008D54E5 /* ListItemPlugin.framework in Embed Frameworks */,
			);
			name = "Embed Frameworks";
			runOnlyForDeploymentPostprocessing = 0;
		};
		9394E274245A105B007F2325 /* Embed Frameworks */ = {
			isa = PBXCopyFilesBuildPhase;
			buildActionMask = 2147483647;
			dstPath = "";
			dstSubfolderSpec = 10;
			files = (
				9346CC55245EF13B008D54E5 /* ListItemPlugin.framework in Embed Frameworks */,
				9394E309245AB551007F2325 /* Wireframe.framework in Embed Frameworks */,
			);
			name = "Embed Frameworks";
			runOnlyForDeploymentPostprocessing = 0;
		};
/* End PBXCopyFilesBuildPhase section */

/* Begin PBXFileReference section */
		9346CBB0245C427C008D54E5 /* navigation-plugin-invalid.json */ = {isa = PBXFileReference; lastKnownFileType = text.json; path = "navigation-plugin-invalid.json"; sourceTree = "<group>"; };
		9346CBB2245C436B008D54E5 /* WireframeError.swift */ = {isa = PBXFileReference; lastKnownFileType = sourcecode.swift; path = WireframeError.swift; sourceTree = "<group>"; };
		9346CBB4245C4558008D54E5 /* ErrorViewController.swift */ = {isa = PBXFileReference; lastKnownFileType = sourcecode.swift; path = ErrorViewController.swift; sourceTree = "<group>"; };
		9346CBB6245C8C32008D54E5 /* NavigationPluginDatasource.swift */ = {isa = PBXFileReference; lastKnownFileType = sourcecode.swift; path = NavigationPluginDatasource.swift; sourceTree = "<group>"; };
		9346CBB8245DAA9E008D54E5 /* navigation-button-unknown-target.json */ = {isa = PBXFileReference; lastKnownFileType = text.json; path = "navigation-button-unknown-target.json"; sourceTree = "<group>"; };
		9346CBE0245DB708008D54E5 /* NavigationTests.xctest */ = {isa = PBXFileReference; explicitFileType = wrapper.cfbundle; includeInIndex = 0; path = NavigationTests.xctest; sourceTree = BUILT_PRODUCTS_DIR; };
		9346CBE2245DB708008D54E5 /* NavigationTests.swift */ = {isa = PBXFileReference; lastKnownFileType = sourcecode.swift; path = NavigationTests.swift; sourceTree = "<group>"; };
		9346CBE4245DB708008D54E5 /* Info.plist */ = {isa = PBXFileReference; lastKnownFileType = text.plist.xml; path = Info.plist; sourceTree = "<group>"; };
		9346CBED245DB782008D54E5 /* home.json */ = {isa = PBXFileReference; lastKnownFileType = text.json; path = home.json; sourceTree = "<group>"; };
		9346CBEF245DBEED008D54E5 /* NavigationTestsBundle.swift */ = {isa = PBXFileReference; lastKnownFileType = sourcecode.swift; path = NavigationTestsBundle.swift; sourceTree = "<group>"; };
		9346CBF1245DC3EB008D54E5 /* home-unknown-target.json */ = {isa = PBXFileReference; fileEncoding = 4; lastKnownFileType = text.json; path = "home-unknown-target.json"; sourceTree = "<group>"; };
		9346CBF3245DC522008D54E5 /* navigation-home.json */ = {isa = PBXFileReference; fileEncoding = 4; lastKnownFileType = text.json; path = "navigation-home.json"; sourceTree = "<group>"; };
		9346CBF5245DC531008D54E5 /* MockNavigation.swift */ = {isa = PBXFileReference; lastKnownFileType = sourcecode.swift; path = MockNavigation.swift; sourceTree = "<group>"; };
		9346CBF7245DC8B8008D54E5 /* navigations.json */ = {isa = PBXFileReference; fileEncoding = 4; lastKnownFileType = text.json; path = navigations.json; sourceTree = "<group>"; };
		9346CBF9245DCA58008D54E5 /* navigations-invalid.json */ = {isa = PBXFileReference; fileEncoding = 4; lastKnownFileType = text.json; path = "navigations-invalid.json"; sourceTree = "<group>"; };
		9346CBFB245DE24D008D54E5 /* navigation-button.json */ = {isa = PBXFileReference; fileEncoding = 4; lastKnownFileType = text.json; path = "navigation-button.json"; sourceTree = "<group>"; };
		9346CBFC245DE24D008D54E5 /* navigation-button-invalid.json */ = {isa = PBXFileReference; fileEncoding = 4; lastKnownFileType = text.json; path = "navigation-button-invalid.json"; sourceTree = "<group>"; };
		9346CBFF245DE36F008D54E5 /* navigation-button-invalid-target.json */ = {isa = PBXFileReference; fileEncoding = 4; lastKnownFileType = text.json; path = "navigation-button-invalid-target.json"; sourceTree = "<group>"; };
		9346CC01245DE44E008D54E5 /* navigation-button-invalid-type.json */ = {isa = PBXFileReference; fileEncoding = 4; lastKnownFileType = text.json; path = "navigation-button-invalid-type.json"; sourceTree = "<group>"; };
		9346CC04245DE4BF008D54E5 /* navigation-button-basic.json */ = {isa = PBXFileReference; fileEncoding = 4; lastKnownFileType = text.json; path = "navigation-button-basic.json"; sourceTree = "<group>"; };
		9346CC06245DE6E7008D54E5 /* navigation-button-icon-invalid.json */ = {isa = PBXFileReference; fileEncoding = 4; lastKnownFileType = text.json; path = "navigation-button-icon-invalid.json"; sourceTree = "<group>"; };
		9346CC0C245EAFD5008D54E5 /* ListViewTests.xctest */ = {isa = PBXFileReference; explicitFileType = wrapper.cfbundle; includeInIndex = 0; path = ListViewTests.xctest; sourceTree = BUILT_PRODUCTS_DIR; };
		9346CC0E245EAFD5008D54E5 /* ListViewTests.swift */ = {isa = PBXFileReference; lastKnownFileType = sourcecode.swift; path = ListViewTests.swift; sourceTree = "<group>"; };
		9346CC10245EAFD5008D54E5 /* Info.plist */ = {isa = PBXFileReference; lastKnownFileType = text.plist.xml; path = Info.plist; sourceTree = "<group>"; };
		9346CC19245EB104008D54E5 /* list-view.json */ = {isa = PBXFileReference; fileEncoding = 4; lastKnownFileType = text.json; path = "list-view.json"; sourceTree = "<group>"; };
		9346CC1B245ECF09008D54E5 /* ListItemPlugin.swift */ = {isa = PBXFileReference; lastKnownFileType = sourcecode.swift; path = ListItemPlugin.swift; sourceTree = "<group>"; };
		9346CC1D245ED011008D54E5 /* ListItemPluginTests.swift */ = {isa = PBXFileReference; lastKnownFileType = sourcecode.swift; path = ListItemPluginTests.swift; sourceTree = "<group>"; };
		9346CC1F245ED63B008D54E5 /* label-list-item-plugin.json */ = {isa = PBXFileReference; fileEncoding = 4; lastKnownFileType = text.json; path = "label-list-item-plugin.json"; sourceTree = "<group>"; };
		9346CC22245EDC38008D54E5 /* ListItem.swift */ = {isa = PBXFileReference; lastKnownFileType = sourcecode.swift; path = ListItem.swift; sourceTree = "<group>"; };
		9346CC24245EDC64008D54E5 /* LabelListItemPlugin.swift */ = {isa = PBXFileReference; lastKnownFileType = sourcecode.swift; path = LabelListItemPlugin.swift; sourceTree = "<group>"; };
		9346CC26245EDFFC008D54E5 /* label-list-items-plugin.json */ = {isa = PBXFileReference; fileEncoding = 4; lastKnownFileType = text.json; path = "label-list-items-plugin.json"; sourceTree = "<group>"; };
		9346CC28245EEA6E008D54E5 /* ListItemType.swift */ = {isa = PBXFileReference; lastKnownFileType = sourcecode.swift; path = ListItemType.swift; sourceTree = "<group>"; };
		9346CC2F245EF00C008D54E5 /* ListItemPlugin.framework */ = {isa = PBXFileReference; explicitFileType = wrapper.framework; includeInIndex = 0; path = ListItemPlugin.framework; sourceTree = BUILT_PRODUCTS_DIR; };
		9346CC31245EF00C008D54E5 /* ListItemPlugin.h */ = {isa = PBXFileReference; lastKnownFileType = sourcecode.c.h; path = ListItemPlugin.h; sourceTree = "<group>"; };
		9346CC32245EF00C008D54E5 /* Info.plist */ = {isa = PBXFileReference; lastKnownFileType = text.plist.xml; path = Info.plist; sourceTree = "<group>"; };
		9346CC37245EF00C008D54E5 /* ListItemPluginTests.xctest */ = {isa = PBXFileReference; explicitFileType = wrapper.cfbundle; includeInIndex = 0; path = ListItemPluginTests.xctest; sourceTree = BUILT_PRODUCTS_DIR; };
		9346CC3C245EF00C008D54E5 /* ListItemPluginTests.swift */ = {isa = PBXFileReference; lastKnownFileType = sourcecode.swift; path = ListItemPluginTests.swift; sourceTree = "<group>"; };
		9346CC3E245EF00C008D54E5 /* Info.plist */ = {isa = PBXFileReference; lastKnownFileType = text.plist.xml; path = Info.plist; sourceTree = "<group>"; };
		9346CC4A245EF058008D54E5 /* ListItemPluginError.swift */ = {isa = PBXFileReference; lastKnownFileType = sourcecode.swift; path = ListItemPluginError.swift; sourceTree = "<group>"; };
		9346CC4C245EF0A3008D54E5 /* ListItemPluginsManager.swift */ = {isa = PBXFileReference; lastKnownFileType = sourcecode.swift; path = ListItemPluginsManager.swift; sourceTree = "<group>"; };
		9346CC5A245EF2F6008D54E5 /* ListView.swift */ = {isa = PBXFileReference; lastKnownFileType = sourcecode.swift; path = ListView.swift; sourceTree = "<group>"; };
		9346CC5C245EF6D4008D54E5 /* ImagePlugin.swift */ = {isa = PBXFileReference; lastKnownFileType = sourcecode.swift; path = ImagePlugin.swift; sourceTree = "<group>"; };
		9346CC61245F1580008D54E5 /* ListViewController.swift */ = {isa = PBXFileReference; lastKnownFileType = sourcecode.swift; path = ListViewController.swift; sourceTree = "<group>"; };
		9346CC63245F17FB008D54E5 /* ListCell.swift */ = {isa = PBXFileReference; lastKnownFileType = sourcecode.swift; path = ListCell.swift; sourceTree = "<group>"; };
		9346CC65245F181C008D54E5 /* ListViewPresentor.swift */ = {isa = PBXFileReference; lastKnownFileType = sourcecode.swift; path = ListViewPresentor.swift; sourceTree = "<group>"; };
		9346CC67245F1BD3008D54E5 /* ListItemPluginDelegate.swift */ = {isa = PBXFileReference; lastKnownFileType = sourcecode.swift; path = ListItemPluginDelegate.swift; sourceTree = "<group>"; };
		9346CC6A245F1D4A008D54E5 /* DetailedLabelListItemPluginImpl.swift */ = {isa = PBXFileReference; lastKnownFileType = sourcecode.swift; path = DetailedLabelListItemPluginImpl.swift; sourceTree = "<group>"; };
		93687770245C33E80077E79A /* navigation-plugin.json */ = {isa = PBXFileReference; lastKnownFileType = text.json; path = "navigation-plugin.json"; sourceTree = "<group>"; };
		93687772245C34510077E79A /* NavigationPluginTests.swift */ = {isa = PBXFileReference; lastKnownFileType = sourcecode.swift; path = NavigationPluginTests.swift; sourceTree = "<group>"; };
		93687775245C34690077E79A /* MockNavigationPlugin.swift */ = {isa = PBXFileReference; lastKnownFileType = sourcecode.swift; path = MockNavigationPlugin.swift; sourceTree = "<group>"; };
		938069E9245BCBBC00B051AD /* NavigationPlugin.swift */ = {isa = PBXFileReference; lastKnownFileType = sourcecode.swift; path = NavigationPlugin.swift; sourceTree = "<group>"; };
		9394E237245A085F007F2325 /* JSONWireframe.app */ = {isa = PBXFileReference; explicitFileType = wrapper.application; includeInIndex = 0; path = JSONWireframe.app; sourceTree = BUILT_PRODUCTS_DIR; };
		9394E23A245A085F007F2325 /* AppDelegate.swift */ = {isa = PBXFileReference; lastKnownFileType = sourcecode.swift; path = AppDelegate.swift; sourceTree = "<group>"; };
		9394E23E245A085F007F2325 /* ViewController.swift */ = {isa = PBXFileReference; lastKnownFileType = sourcecode.swift; path = ViewController.swift; sourceTree = "<group>"; };
		9394E241245A085F007F2325 /* Base */ = {isa = PBXFileReference; lastKnownFileType = file.storyboard; name = Base; path = Base.lproj/Main.storyboard; sourceTree = "<group>"; };
		9394E243245A0860007F2325 /* Assets.xcassets */ = {isa = PBXFileReference; lastKnownFileType = folder.assetcatalog; path = Assets.xcassets; sourceTree = "<group>"; };
		9394E246245A0860007F2325 /* Base */ = {isa = PBXFileReference; lastKnownFileType = file.storyboard; name = Base; path = Base.lproj/LaunchScreen.storyboard; sourceTree = "<group>"; };
		9394E248245A0860007F2325 /* Info.plist */ = {isa = PBXFileReference; lastKnownFileType = text.plist.xml; path = Info.plist; sourceTree = "<group>"; };
		9394E24D245A0860007F2325 /* JSONWireframeTests.xctest */ = {isa = PBXFileReference; explicitFileType = wrapper.cfbundle; includeInIndex = 0; path = JSONWireframeTests.xctest; sourceTree = BUILT_PRODUCTS_DIR; };
		9394E251245A0860007F2325 /* JSONWireframeTests.swift */ = {isa = PBXFileReference; lastKnownFileType = sourcecode.swift; path = JSONWireframeTests.swift; sourceTree = "<group>"; };
		9394E253245A0860007F2325 /* Info.plist */ = {isa = PBXFileReference; lastKnownFileType = text.plist.xml; path = Info.plist; sourceTree = "<group>"; };
		9394E25D245A087A007F2325 /* wireframe.json */ = {isa = PBXFileReference; lastKnownFileType = text.json; path = wireframe.json; sourceTree = "<group>"; };
		9394E25F245A08E9007F2325 /* Wireframe.swift */ = {isa = PBXFileReference; lastKnownFileType = sourcecode.swift; path = Wireframe.swift; sourceTree = "<group>"; };
		9394E261245A103C007F2325 /* Constraint.swift */ = {isa = PBXFileReference; fileEncoding = 4; lastKnownFileType = sourcecode.swift; path = Constraint.swift; sourceTree = "<group>"; };
		9394E2D0245A1151007F2325 /* Optional.swift */ = {isa = PBXFileReference; fileEncoding = 4; lastKnownFileType = sourcecode.swift; path = Optional.swift; sourceTree = "<group>"; };
		9394E2D2245A14C3007F2325 /* UIEdgeInsets.swift */ = {isa = PBXFileReference; fileEncoding = 4; lastKnownFileType = sourcecode.swift; path = UIEdgeInsets.swift; sourceTree = "<group>"; };
		9394E2D5245A21A3007F2325 /* NavigationButtonType.swift */ = {isa = PBXFileReference; lastKnownFileType = sourcecode.swift; path = NavigationButtonType.swift; sourceTree = "<group>"; };
		9394E2D7245A21B8007F2325 /* NavigationButton.swift */ = {isa = PBXFileReference; lastKnownFileType = sourcecode.swift; path = NavigationButton.swift; sourceTree = "<group>"; };
		9394E2D9245A21CE007F2325 /* Navigation.swift */ = {isa = PBXFileReference; lastKnownFileType = sourcecode.swift; path = Navigation.swift; sourceTree = "<group>"; };
		9394E2DB245A21E1007F2325 /* Route.swift */ = {isa = PBXFileReference; lastKnownFileType = sourcecode.swift; path = Route.swift; sourceTree = "<group>"; };
		9394E2DD245A21F4007F2325 /* WireframeData.swift */ = {isa = PBXFileReference; lastKnownFileType = sourcecode.swift; path = WireframeData.swift; sourceTree = "<group>"; };
		9394E2DF245A221C007F2325 /* RouteButton.swift */ = {isa = PBXFileReference; lastKnownFileType = sourcecode.swift; path = RouteButton.swift; sourceTree = "<group>"; };
		9394E2E1245A223B007F2325 /* View.swift */ = {isa = PBXFileReference; lastKnownFileType = sourcecode.swift; path = View.swift; sourceTree = "<group>"; };
		9394E2E3245A2C20007F2325 /* Plugin.swift */ = {isa = PBXFileReference; lastKnownFileType = sourcecode.swift; path = Plugin.swift; sourceTree = "<group>"; };
		9394E2E5245A2DF2007F2325 /* ProfilePlugin.swift */ = {isa = PBXFileReference; lastKnownFileType = sourcecode.swift; path = ProfilePlugin.swift; sourceTree = "<group>"; };
		9394E2E7245AB188007F2325 /* PluginManager.swift */ = {isa = PBXFileReference; lastKnownFileType = sourcecode.swift; path = PluginManager.swift; sourceTree = "<group>"; };
		9394E2E9245AB1A7007F2325 /* RoutableView.swift */ = {isa = PBXFileReference; lastKnownFileType = sourcecode.swift; path = RoutableView.swift; sourceTree = "<group>"; };
		9394E2EB245AB4B5007F2325 /* WireframeDatasource.swift */ = {isa = PBXFileReference; lastKnownFileType = sourcecode.swift; path = WireframeDatasource.swift; sourceTree = "<group>"; };
		9394E2F3245AB551007F2325 /* Wireframe.framework */ = {isa = PBXFileReference; explicitFileType = wrapper.framework; includeInIndex = 0; path = Wireframe.framework; sourceTree = BUILT_PRODUCTS_DIR; };
		9394E2F5245AB551007F2325 /* Wireframe.h */ = {isa = PBXFileReference; lastKnownFileType = sourcecode.c.h; path = Wireframe.h; sourceTree = "<group>"; };
		9394E2F6245AB551007F2325 /* Info.plist */ = {isa = PBXFileReference; lastKnownFileType = text.plist.xml; path = Info.plist; sourceTree = "<group>"; };
		9394E2FB245AB551007F2325 /* WireframeTests.xctest */ = {isa = PBXFileReference; explicitFileType = wrapper.cfbundle; includeInIndex = 0; path = WireframeTests.xctest; sourceTree = BUILT_PRODUCTS_DIR; };
		9394E302245AB551007F2325 /* WireframeTests.swift */ = {isa = PBXFileReference; lastKnownFileType = sourcecode.swift; path = WireframeTests.swift; sourceTree = "<group>"; };
		9394E304245AB551007F2325 /* Info.plist */ = {isa = PBXFileReference; lastKnownFileType = text.plist.xml; path = Info.plist; sourceTree = "<group>"; };
		9394E31F245AB6D9007F2325 /* NavigationButtonTests.swift */ = {isa = PBXFileReference; lastKnownFileType = sourcecode.swift; path = NavigationButtonTests.swift; sourceTree = "<group>"; };
		9394E321245AB722007F2325 /* NavigationTests.swift */ = {isa = PBXFileReference; lastKnownFileType = sourcecode.swift; path = NavigationTests.swift; sourceTree = "<group>"; };
		9394E323245AB72C007F2325 /* RouteTests.swift */ = {isa = PBXFileReference; lastKnownFileType = sourcecode.swift; path = RouteTests.swift; sourceTree = "<group>"; };
		9394E325245AB73A007F2325 /* WireframeDataTests.swift */ = {isa = PBXFileReference; lastKnownFileType = sourcecode.swift; path = WireframeDataTests.swift; sourceTree = "<group>"; };
		9394E327245AB746007F2325 /* RouteButtonTests.swift */ = {isa = PBXFileReference; lastKnownFileType = sourcecode.swift; path = RouteButtonTests.swift; sourceTree = "<group>"; };
		9394E329245AB753007F2325 /* ViewTests.swift */ = {isa = PBXFileReference; lastKnownFileType = sourcecode.swift; path = ViewTests.swift; sourceTree = "<group>"; };
		9394E32C245AB77D007F2325 /* MockRouteButtonDelegate.swift */ = {isa = PBXFileReference; lastKnownFileType = sourcecode.swift; path = MockRouteButtonDelegate.swift; sourceTree = "<group>"; };
		9394E32E245AB7C4007F2325 /* MockPlugin.swift */ = {isa = PBXFileReference; lastKnownFileType = sourcecode.swift; path = MockPlugin.swift; sourceTree = "<group>"; };
		9394E330245AB875007F2325 /* MockWireframeDatasource.swift */ = {isa = PBXFileReference; lastKnownFileType = sourcecode.swift; path = MockWireframeDatasource.swift; sourceTree = "<group>"; };
		9394E333245AB926007F2325 /* root.json */ = {isa = PBXFileReference; lastKnownFileType = text.json; path = root.json; sourceTree = "<group>"; };
		9394E335245AC985007F2325 /* subroutes.json */ = {isa = PBXFileReference; lastKnownFileType = text.json; path = subroutes.json; sourceTree = "<group>"; };
		9394E337245ACDF7007F2325 /* navigation-right-buttons.json */ = {isa = PBXFileReference; lastKnownFileType = text.json; path = "navigation-right-buttons.json"; sourceTree = "<group>"; };
		9394E339245ADBD5007F2325 /* navigation-key.json */ = {isa = PBXFileReference; lastKnownFileType = text.json; path = "navigation-key.json"; sourceTree = "<group>"; };
		9394E33C245AE29A007F2325 /* TabBarView.swift */ = {isa = PBXFileReference; lastKnownFileType = sourcecode.swift; path = TabBarView.swift; sourceTree = "<group>"; };
		9394E33E245AED9A007F2325 /* NavigationManager.swift */ = {isa = PBXFileReference; lastKnownFileType = sourcecode.swift; path = NavigationManager.swift; sourceTree = "<group>"; };
		9394E340245B01FB007F2325 /* Icon.swift */ = {isa = PBXFileReference; lastKnownFileType = sourcecode.swift; path = Icon.swift; sourceTree = "<group>"; };
		9394E343245B11B4007F2325 /* Dismiss.swift */ = {isa = PBXFileReference; lastKnownFileType = sourcecode.swift; path = Dismiss.swift; sourceTree = "<group>"; };
		9394E345245B16B2007F2325 /* DefaultRoute.swift */ = {isa = PBXFileReference; lastKnownFileType = sourcecode.swift; path = DefaultRoute.swift; sourceTree = "<group>"; };
/* End PBXFileReference section */

/* Begin PBXFrameworksBuildPhase section */
		9346CBDD245DB708008D54E5 /* Frameworks */ = {
			isa = PBXFrameworksBuildPhase;
			buildActionMask = 2147483647;
			files = (
			);
			runOnlyForDeploymentPostprocessing = 0;
		};
		9346CC09245EAFD5008D54E5 /* Frameworks */ = {
			isa = PBXFrameworksBuildPhase;
			buildActionMask = 2147483647;
			files = (
				9346CC11245EAFD5008D54E5 /* Wireframe.framework in Frameworks */,
			);
			runOnlyForDeploymentPostprocessing = 0;
		};
		9346CC2C245EF00C008D54E5 /* Frameworks */ = {
			isa = PBXFrameworksBuildPhase;
			buildActionMask = 2147483647;
			files = (
			);
			runOnlyForDeploymentPostprocessing = 0;
		};
		9346CC34245EF00C008D54E5 /* Frameworks */ = {
			isa = PBXFrameworksBuildPhase;
			buildActionMask = 2147483647;
			files = (
				9346CC38245EF00C008D54E5 /* ListItemPlugin.framework in Frameworks */,
			);
			runOnlyForDeploymentPostprocessing = 0;
		};
		9394E234245A085F007F2325 /* Frameworks */ = {
			isa = PBXFrameworksBuildPhase;
			buildActionMask = 2147483647;
			files = (
				9346CC54245EF13B008D54E5 /* ListItemPlugin.framework in Frameworks */,
				9394E308245AB551007F2325 /* Wireframe.framework in Frameworks */,
			);
			runOnlyForDeploymentPostprocessing = 0;
		};
		9394E24A245A0860007F2325 /* Frameworks */ = {
			isa = PBXFrameworksBuildPhase;
			buildActionMask = 2147483647;
			files = (
			);
			runOnlyForDeploymentPostprocessing = 0;
		};
		9394E2F0245AB551007F2325 /* Frameworks */ = {
			isa = PBXFrameworksBuildPhase;
			buildActionMask = 2147483647;
			files = (
				9346CC4F245EF132008D54E5 /* ListItemPlugin.framework in Frameworks */,
			);
			runOnlyForDeploymentPostprocessing = 0;
		};
		9394E2F8245AB551007F2325 /* Frameworks */ = {
			isa = PBXFrameworksBuildPhase;
			buildActionMask = 2147483647;
			files = (
				9394E2FC245AB551007F2325 /* Wireframe.framework in Frameworks */,
			);
			runOnlyForDeploymentPostprocessing = 0;
		};
/* End PBXFrameworksBuildPhase section */

/* Begin PBXGroup section */
		9346CBE1245DB708008D54E5 /* NavigationTests */ = {
			isa = PBXGroup;
			children = (
				9346CBEC245DB76D008D54E5 /* Resources */,
				9346CBE2245DB708008D54E5 /* NavigationTests.swift */,
				9346CBE4245DB708008D54E5 /* Info.plist */,
				9346CBEF245DBEED008D54E5 /* NavigationTestsBundle.swift */,
			);
			path = NavigationTests;
			sourceTree = "<group>";
		};
		9346CBEC245DB76D008D54E5 /* Resources */ = {
			isa = PBXGroup;
			children = (
				9346CC03245DE479008D54E5 /* NavigationButton */,
				9346CBF9245DCA58008D54E5 /* navigations-invalid.json */,
				9346CBF7245DC8B8008D54E5 /* navigations.json */,
				9346CBF3245DC522008D54E5 /* navigation-home.json */,
				9346CBF1245DC3EB008D54E5 /* home-unknown-target.json */,
				9346CBED245DB782008D54E5 /* home.json */,
				9346CBF5245DC531008D54E5 /* MockNavigation.swift */,
			);
			path = Resources;
			sourceTree = "<group>";
		};
		9346CC03245DE479008D54E5 /* NavigationButton */ = {
			isa = PBXGroup;
			children = (
				9346CC06245DE6E7008D54E5 /* navigation-button-icon-invalid.json */,
				9346CC04245DE4BF008D54E5 /* navigation-button-basic.json */,
				9346CC01245DE44E008D54E5 /* navigation-button-invalid-type.json */,
				9346CBFF245DE36F008D54E5 /* navigation-button-invalid-target.json */,
				9346CBFC245DE24D008D54E5 /* navigation-button-invalid.json */,
				9346CBFB245DE24D008D54E5 /* navigation-button.json */,
			);
			path = NavigationButton;
			sourceTree = "<group>";
		};
		9346CC0D245EAFD5008D54E5 /* ListViewTests */ = {
			isa = PBXGroup;
			children = (
				9346CC18245EB104008D54E5 /* Resources */,
				9346CC0E245EAFD5008D54E5 /* ListViewTests.swift */,
				9346CC10245EAFD5008D54E5 /* Info.plist */,
				9346CC1D245ED011008D54E5 /* ListItemPluginTests.swift */,
			);
			path = ListViewTests;
			sourceTree = "<group>";
		};
		9346CC18245EB104008D54E5 /* Resources */ = {
			isa = PBXGroup;
			children = (
				9346CC26245EDFFC008D54E5 /* label-list-items-plugin.json */,
				9346CC1F245ED63B008D54E5 /* label-list-item-plugin.json */,
				9346CC19245EB104008D54E5 /* list-view.json */,
			);
			path = Resources;
			sourceTree = "<group>";
		};
		9346CC21245EDC2A008D54E5 /* ListView */ = {
			isa = PBXGroup;
			children = (
				9346CC5A245EF2F6008D54E5 /* ListView.swift */,
				9346CC61245F1580008D54E5 /* ListViewController.swift */,
				9346CC63245F17FB008D54E5 /* ListCell.swift */,
				9346CC65245F181C008D54E5 /* ListViewPresentor.swift */,
			);
			path = ListView;
			sourceTree = "<group>";
		};
		9346CC30245EF00C008D54E5 /* ListItemPlugin */ = {
			isa = PBXGroup;
			children = (
				9346CC69245F1D3D008D54E5 /* Plugins */,
				9346CC1B245ECF09008D54E5 /* ListItemPlugin.swift */,
				9346CC28245EEA6E008D54E5 /* ListItemType.swift */,
				9346CC22245EDC38008D54E5 /* ListItem.swift */,
				9346CC31245EF00C008D54E5 /* ListItemPlugin.h */,
				9346CC32245EF00C008D54E5 /* Info.plist */,
				9346CC4A245EF058008D54E5 /* ListItemPluginError.swift */,
				9346CC4C245EF0A3008D54E5 /* ListItemPluginsManager.swift */,
				9346CC67245F1BD3008D54E5 /* ListItemPluginDelegate.swift */,
			);
			path = ListItemPlugin;
			sourceTree = "<group>";
		};
		9346CC3B245EF00C008D54E5 /* ListItemPluginTests */ = {
			isa = PBXGroup;
			children = (
				9346CC3C245EF00C008D54E5 /* ListItemPluginTests.swift */,
				9346CC3E245EF00C008D54E5 /* Info.plist */,
			);
			path = ListItemPluginTests;
			sourceTree = "<group>";
		};
		9346CC4E245EF132008D54E5 /* Frameworks */ = {
			isa = PBXGroup;
			children = (
			);
			name = Frameworks;
			sourceTree = "<group>";
		};
		9346CC69245F1D3D008D54E5 /* Plugins */ = {
			isa = PBXGroup;
			children = (
				9346CC5C245EF6D4008D54E5 /* ImagePlugin.swift */,
				9346CC24245EDC64008D54E5 /* LabelListItemPlugin.swift */,
				9346CC6A245F1D4A008D54E5 /* DetailedLabelListItemPluginImpl.swift */,
			);
			path = Plugins;
			sourceTree = "<group>";
		};
		93687774245C34540077E79A /* NavigationPlugin */ = {
			isa = PBXGroup;
			children = (
				93687772245C34510077E79A /* NavigationPluginTests.swift */,
				93687775245C34690077E79A /* MockNavigationPlugin.swift */,
			);
			path = NavigationPlugin;
			sourceTree = "<group>";
		};
		938069E8245BCBA600B051AD /* Plugins */ = {
			isa = PBXGroup;
			children = (
				9394E2E3245A2C20007F2325 /* Plugin.swift */,
				9394E2E7245AB188007F2325 /* PluginManager.swift */,
				938069E9245BCBBC00B051AD /* NavigationPlugin.swift */,
			);
			path = Plugins;
			sourceTree = "<group>";
		};
		9394E22E245A085F007F2325 = {
			isa = PBXGroup;
			children = (
				9394E239245A085F007F2325 /* JSONWireframe */,
				9394E250245A0860007F2325 /* JSONWireframeTests */,
				9394E2F4245AB551007F2325 /* Wireframe */,
				9394E301245AB551007F2325 /* WireframeTests */,
				9346CBE1245DB708008D54E5 /* NavigationTests */,
				9346CC0D245EAFD5008D54E5 /* ListViewTests */,
				9346CC30245EF00C008D54E5 /* ListItemPlugin */,
				9346CC3B245EF00C008D54E5 /* ListItemPluginTests */,
				9394E238245A085F007F2325 /* Products */,
				9346CC4E245EF132008D54E5 /* Frameworks */,
			);
			sourceTree = "<group>";
		};
		9394E238245A085F007F2325 /* Products */ = {
			isa = PBXGroup;
			children = (
				9394E237245A085F007F2325 /* JSONWireframe.app */,
				9394E24D245A0860007F2325 /* JSONWireframeTests.xctest */,
				9394E2F3245AB551007F2325 /* Wireframe.framework */,
				9394E2FB245AB551007F2325 /* WireframeTests.xctest */,
				9346CBE0245DB708008D54E5 /* NavigationTests.xctest */,
				9346CC0C245EAFD5008D54E5 /* ListViewTests.xctest */,
				9346CC2F245EF00C008D54E5 /* ListItemPlugin.framework */,
				9346CC37245EF00C008D54E5 /* ListItemPluginTests.xctest */,
			);
			name = Products;
			sourceTree = "<group>";
		};
		9394E239245A085F007F2325 /* JSONWireframe */ = {
			isa = PBXGroup;
			children = (
				9394E2ED245AB539007F2325 /* Plugins */,
				9394E23A245A085F007F2325 /* AppDelegate.swift */,
				9394E25D245A087A007F2325 /* wireframe.json */,
				9394E23E245A085F007F2325 /* ViewController.swift */,
				9394E240245A085F007F2325 /* Main.storyboard */,
				9394E243245A0860007F2325 /* Assets.xcassets */,
				9394E245245A0860007F2325 /* LaunchScreen.storyboard */,
				9394E248245A0860007F2325 /* Info.plist */,
			);
			path = JSONWireframe;
			sourceTree = "<group>";
		};
		9394E250245A0860007F2325 /* JSONWireframeTests */ = {
			isa = PBXGroup;
			children = (
				9394E251245A0860007F2325 /* JSONWireframeTests.swift */,
				9394E253245A0860007F2325 /* Info.plist */,
			);
			path = JSONWireframeTests;
			sourceTree = "<group>";
		};
		9394E25C245A0869007F2325 /* Resources */ = {
			isa = PBXGroup;
			children = (
				9394E2D2245A14C3007F2325 /* UIEdgeInsets.swift */,
				9394E2D0245A1151007F2325 /* Optional.swift */,
				9394E261245A103C007F2325 /* Constraint.swift */,
				9394E33E245AED9A007F2325 /* NavigationManager.swift */,
				9346CBB2245C436B008D54E5 /* WireframeError.swift */,
				9346CBB4245C4558008D54E5 /* ErrorViewController.swift */,
			);
			path = Resources;
			sourceTree = "<group>";
		};
		9394E2D4245A2193007F2325 /* Classes */ = {
			isa = PBXGroup;
			children = (
				9346CC21245EDC2A008D54E5 /* ListView */,
				938069E8245BCBA600B051AD /* Plugins */,
				9394E342245B11A3007F2325 /* DefaultItems */,
				9394E33B245AE27A007F2325 /* ViewTypes */,
				9394E25F245A08E9007F2325 /* Wireframe.swift */,
				9394E2D5245A21A3007F2325 /* NavigationButtonType.swift */,
				9394E2D7245A21B8007F2325 /* NavigationButton.swift */,
				9394E2D9245A21CE007F2325 /* Navigation.swift */,
				9394E2DB245A21E1007F2325 /* Route.swift */,
				9394E2DD245A21F4007F2325 /* WireframeData.swift */,
				9394E2DF245A221C007F2325 /* RouteButton.swift */,
				9394E2E1245A223B007F2325 /* View.swift */,
				9394E2E9245AB1A7007F2325 /* RoutableView.swift */,
				9394E2EB245AB4B5007F2325 /* WireframeDatasource.swift */,
				9394E340245B01FB007F2325 /* Icon.swift */,
				9346CBB6245C8C32008D54E5 /* NavigationPluginDatasource.swift */,
			);
			path = Classes;
			sourceTree = "<group>";
		};
		9394E2ED245AB539007F2325 /* Plugins */ = {
			isa = PBXGroup;
			children = (
				9394E2E5245A2DF2007F2325 /* ProfilePlugin.swift */,
			);
			path = Plugins;
			sourceTree = "<group>";
		};
		9394E2F4245AB551007F2325 /* Wireframe */ = {
			isa = PBXGroup;
			children = (
				9394E2D4245A2193007F2325 /* Classes */,
				9394E25C245A0869007F2325 /* Resources */,
				9394E2F5245AB551007F2325 /* Wireframe.h */,
				9394E2F6245AB551007F2325 /* Info.plist */,
			);
			path = Wireframe;
			sourceTree = "<group>";
		};
		9394E301245AB551007F2325 /* WireframeTests */ = {
			isa = PBXGroup;
			children = (
				93687774245C34540077E79A /* NavigationPlugin */,
				9394E332245AB911007F2325 /* Resources */,
				9394E32B245AB764007F2325 /* Mocks */,
				9394E302245AB551007F2325 /* WireframeTests.swift */,
				9394E304245AB551007F2325 /* Info.plist */,
				9394E31F245AB6D9007F2325 /* NavigationButtonTests.swift */,
				9394E321245AB722007F2325 /* NavigationTests.swift */,
				9394E323245AB72C007F2325 /* RouteTests.swift */,
				9394E325245AB73A007F2325 /* WireframeDataTests.swift */,
				9394E327245AB746007F2325 /* RouteButtonTests.swift */,
				9394E329245AB753007F2325 /* ViewTests.swift */,
			);
			path = WireframeTests;
			sourceTree = "<group>";
		};
		9394E32B245AB764007F2325 /* Mocks */ = {
			isa = PBXGroup;
			children = (
				9394E32C245AB77D007F2325 /* MockRouteButtonDelegate.swift */,
				9394E32E245AB7C4007F2325 /* MockPlugin.swift */,
				9394E330245AB875007F2325 /* MockWireframeDatasource.swift */,
			);
			path = Mocks;
			sourceTree = "<group>";
		};
		9394E332245AB911007F2325 /* Resources */ = {
			isa = PBXGroup;
			children = (
				9394E333245AB926007F2325 /* root.json */,
				9394E335245AC985007F2325 /* subroutes.json */,
				9394E337245ACDF7007F2325 /* navigation-right-buttons.json */,
				9394E339245ADBD5007F2325 /* navigation-key.json */,
				93687770245C33E80077E79A /* navigation-plugin.json */,
				9346CBB0245C427C008D54E5 /* navigation-plugin-invalid.json */,
				9346CBB8245DAA9E008D54E5 /* navigation-button-unknown-target.json */,
			);
			path = Resources;
			sourceTree = "<group>";
		};
		9394E33B245AE27A007F2325 /* ViewTypes */ = {
			isa = PBXGroup;
			children = (
				9394E33C245AE29A007F2325 /* TabBarView.swift */,
			);
			path = ViewTypes;
			sourceTree = "<group>";
		};
		9394E342245B11A3007F2325 /* DefaultItems */ = {
			isa = PBXGroup;
			children = (
				9394E343245B11B4007F2325 /* Dismiss.swift */,
				9394E345245B16B2007F2325 /* DefaultRoute.swift */,
			);
			path = DefaultItems;
			sourceTree = "<group>";
		};
/* End PBXGroup section */

/* Begin PBXHeadersBuildPhase section */
		9346CC2A245EF00C008D54E5 /* Headers */ = {
			isa = PBXHeadersBuildPhase;
			buildActionMask = 2147483647;
			files = (
				9346CC3F245EF00C008D54E5 /* ListItemPlugin.h in Headers */,
			);
			runOnlyForDeploymentPostprocessing = 0;
		};
		9394E2EE245AB551007F2325 /* Headers */ = {
			isa = PBXHeadersBuildPhase;
			buildActionMask = 2147483647;
			files = (
				9394E305245AB551007F2325 /* Wireframe.h in Headers */,
			);
			runOnlyForDeploymentPostprocessing = 0;
		};
/* End PBXHeadersBuildPhase section */

/* Begin PBXNativeTarget section */
		9346CBDF245DB708008D54E5 /* NavigationTests */ = {
			isa = PBXNativeTarget;
			buildConfigurationList = 9346CBE7245DB708008D54E5 /* Build configuration list for PBXNativeTarget "NavigationTests" */;
			buildPhases = (
				9346CBDC245DB708008D54E5 /* Sources */,
				9346CBDD245DB708008D54E5 /* Frameworks */,
				9346CBDE245DB708008D54E5 /* Resources */,
			);
			buildRules = (
			);
			dependencies = (
				9346CBEB245DB71C008D54E5 /* PBXTargetDependency */,
			);
			name = NavigationTests;
			productName = NavigationTests;
			productReference = 9346CBE0245DB708008D54E5 /* NavigationTests.xctest */;
			productType = "com.apple.product-type.bundle.unit-test";
		};
		9346CC0B245EAFD5008D54E5 /* ListViewTests */ = {
			isa = PBXNativeTarget;
			buildConfigurationList = 9346CC14245EAFD5008D54E5 /* Build configuration list for PBXNativeTarget "ListViewTests" */;
			buildPhases = (
				9346CC08245EAFD5008D54E5 /* Sources */,
				9346CC09245EAFD5008D54E5 /* Frameworks */,
				9346CC0A245EAFD5008D54E5 /* Resources */,
			);
			buildRules = (
			);
			dependencies = (
				9346CC59245EF145008D54E5 /* PBXTargetDependency */,
				9346CC13245EAFD5008D54E5 /* PBXTargetDependency */,
			);
			name = ListViewTests;
			productName = ListViewTests;
			productReference = 9346CC0C245EAFD5008D54E5 /* ListViewTests.xctest */;
			productType = "com.apple.product-type.bundle.unit-test";
		};
		9346CC2E245EF00C008D54E5 /* ListItemPlugin */ = {
			isa = PBXNativeTarget;
			buildConfigurationList = 9346CC44245EF00C008D54E5 /* Build configuration list for PBXNativeTarget "ListItemPlugin" */;
			buildPhases = (
				9346CC2A245EF00C008D54E5 /* Headers */,
				9346CC2B245EF00C008D54E5 /* Sources */,
				9346CC2C245EF00C008D54E5 /* Frameworks */,
				9346CC2D245EF00C008D54E5 /* Resources */,
			);
			buildRules = (
			);
			dependencies = (
			);
			name = ListItemPlugin;
			productName = ListItemPlugin;
			productReference = 9346CC2F245EF00C008D54E5 /* ListItemPlugin.framework */;
			productType = "com.apple.product-type.framework";
		};
		9346CC36245EF00C008D54E5 /* ListItemPluginTests */ = {
			isa = PBXNativeTarget;
			buildConfigurationList = 9346CC45245EF00C008D54E5 /* Build configuration list for PBXNativeTarget "ListItemPluginTests" */;
			buildPhases = (
				9346CC33245EF00C008D54E5 /* Sources */,
				9346CC34245EF00C008D54E5 /* Frameworks */,
				9346CC35245EF00C008D54E5 /* Resources */,
			);
			buildRules = (
			);
			dependencies = (
				9346CC3A245EF00C008D54E5 /* PBXTargetDependency */,
			);
			name = ListItemPluginTests;
			productName = ListItemPluginTests;
			productReference = 9346CC37245EF00C008D54E5 /* ListItemPluginTests.xctest */;
			productType = "com.apple.product-type.bundle.unit-test";
		};
		9394E236245A085F007F2325 /* JSONWireframe */ = {
			isa = PBXNativeTarget;
			buildConfigurationList = 9394E256245A0860007F2325 /* Build configuration list for PBXNativeTarget "JSONWireframe" */;
			buildPhases = (
				9394E233245A085F007F2325 /* Sources */,
				9394E234245A085F007F2325 /* Frameworks */,
				9394E235245A085F007F2325 /* Resources */,
				9394E274245A105B007F2325 /* Embed Frameworks */,
			);
			buildRules = (
			);
			dependencies = (
				9394E307245AB551007F2325 /* PBXTargetDependency */,
				9346CC57245EF13B008D54E5 /* PBXTargetDependency */,
			);
			name = JSONWireframe;
			productName = JSONWireframe;
			productReference = 9394E237245A085F007F2325 /* JSONWireframe.app */;
			productType = "com.apple.product-type.application";
		};
		9394E24C245A0860007F2325 /* JSONWireframeTests */ = {
			isa = PBXNativeTarget;
			buildConfigurationList = 9394E259245A0860007F2325 /* Build configuration list for PBXNativeTarget "JSONWireframeTests" */;
			buildPhases = (
				9394E249245A0860007F2325 /* Sources */,
				9394E24A245A0860007F2325 /* Frameworks */,
				9394E24B245A0860007F2325 /* Resources */,
			);
			buildRules = (
			);
			dependencies = (
				9394E24F245A0860007F2325 /* PBXTargetDependency */,
			);
			name = JSONWireframeTests;
			productName = JSONWireframeTests;
			productReference = 9394E24D245A0860007F2325 /* JSONWireframeTests.xctest */;
			productType = "com.apple.product-type.bundle.unit-test";
		};
		9394E2F2245AB551007F2325 /* Wireframe */ = {
			isa = PBXNativeTarget;
			buildConfigurationList = 9394E30A245AB551007F2325 /* Build configuration list for PBXNativeTarget "Wireframe" */;
			buildPhases = (
				9394E2EE245AB551007F2325 /* Headers */,
				9394E2EF245AB551007F2325 /* Sources */,
				9394E2F0245AB551007F2325 /* Frameworks */,
				9394E2F1245AB551007F2325 /* Resources */,
				9346CC53245EF132008D54E5 /* Embed Frameworks */,
			);
			buildRules = (
			);
			dependencies = (
				9346CC52245EF132008D54E5 /* PBXTargetDependency */,
			);
			name = Wireframe;
			productName = Wireframe;
			productReference = 9394E2F3245AB551007F2325 /* Wireframe.framework */;
			productType = "com.apple.product-type.framework";
		};
		9394E2FA245AB551007F2325 /* WireframeTests */ = {
			isa = PBXNativeTarget;
			buildConfigurationList = 9394E30D245AB551007F2325 /* Build configuration list for PBXNativeTarget "WireframeTests" */;
			buildPhases = (
				9394E2F7245AB551007F2325 /* Sources */,
				9394E2F8245AB551007F2325 /* Frameworks */,
				9394E2F9245AB551007F2325 /* Resources */,
			);
			buildRules = (
			);
			dependencies = (
				9394E2FE245AB551007F2325 /* PBXTargetDependency */,
			);
			name = WireframeTests;
			productName = WireframeTests;
			productReference = 9394E2FB245AB551007F2325 /* WireframeTests.xctest */;
			productType = "com.apple.product-type.bundle.unit-test";
		};
/* End PBXNativeTarget section */

/* Begin PBXProject section */
		9394E22F245A085F007F2325 /* Project object */ = {
			isa = PBXProject;
			attributes = {
				LastSwiftUpdateCheck = 1140;
				LastUpgradeCheck = 1140;
				ORGANIZATIONNAME = "David Thorn";
				TargetAttributes = {
					9346CBDF245DB708008D54E5 = {
						CreatedOnToolsVersion = 11.4.1;
						TestTargetID = 9394E236245A085F007F2325;
					};
					9346CC0B245EAFD5008D54E5 = {
						CreatedOnToolsVersion = 11.4.1;
					};
					9346CC2E245EF00C008D54E5 = {
						CreatedOnToolsVersion = 11.4.1;
					};
					9346CC36245EF00C008D54E5 = {
						CreatedOnToolsVersion = 11.4.1;
					};
					9394E236245A085F007F2325 = {
						CreatedOnToolsVersion = 11.4.1;
					};
					9394E24C245A0860007F2325 = {
						CreatedOnToolsVersion = 11.4.1;
						TestTargetID = 9394E236245A085F007F2325;
					};
					9394E2F2245AB551007F2325 = {
						CreatedOnToolsVersion = 11.4.1;
					};
					9394E2FA245AB551007F2325 = {
						CreatedOnToolsVersion = 11.4.1;
					};
				};
			};
			buildConfigurationList = 9394E232245A085F007F2325 /* Build configuration list for PBXProject "JSONWireframe" */;
			compatibilityVersion = "Xcode 9.3";
			developmentRegion = en;
			hasScannedForEncodings = 0;
			knownRegions = (
				en,
				Base,
			);
			mainGroup = 9394E22E245A085F007F2325;
			productRefGroup = 9394E238245A085F007F2325 /* Products */;
			projectDirPath = "";
			projectRoot = "";
			targets = (
				9394E236245A085F007F2325 /* JSONWireframe */,
				9394E24C245A0860007F2325 /* JSONWireframeTests */,
				9394E2F2245AB551007F2325 /* Wireframe */,
				9394E2FA245AB551007F2325 /* WireframeTests */,
				9346CBDF245DB708008D54E5 /* NavigationTests */,
				9346CC0B245EAFD5008D54E5 /* ListViewTests */,
				9346CC2E245EF00C008D54E5 /* ListItemPlugin */,
				9346CC36245EF00C008D54E5 /* ListItemPluginTests */,
			);
		};
/* End PBXProject section */

/* Begin PBXResourcesBuildPhase section */
		9346CBDE245DB708008D54E5 /* Resources */ = {
			isa = PBXResourcesBuildPhase;
			buildActionMask = 2147483647;
			files = (
				9346CC02245DE44E008D54E5 /* navigation-button-invalid-type.json in Resources */,
				9346CBFE245DE24D008D54E5 /* navigation-button-invalid.json in Resources */,
				9346CBFA245DCA58008D54E5 /* navigations-invalid.json in Resources */,
				9346CBFD245DE24D008D54E5 /* navigation-button.json in Resources */,
				9346CBF2245DC3EB008D54E5 /* home-unknown-target.json in Resources */,
				9346CBF4245DC522008D54E5 /* navigation-home.json in Resources */,
				9346CBEE245DB782008D54E5 /* home.json in Resources */,
				9346CC00245DE36F008D54E5 /* navigation-button-invalid-target.json in Resources */,
				9346CC05245DE4BF008D54E5 /* navigation-button-basic.json in Resources */,
				9346CBF8245DC8B8008D54E5 /* navigations.json in Resources */,
				9346CC07245DE6E7008D54E5 /* navigation-button-icon-invalid.json in Resources */,
			);
			runOnlyForDeploymentPostprocessing = 0;
		};
		9346CC0A245EAFD5008D54E5 /* Resources */ = {
			isa = PBXResourcesBuildPhase;
			buildActionMask = 2147483647;
			files = (
				9346CC20245ED63B008D54E5 /* label-list-item-plugin.json in Resources */,
				9346CC1A245EB104008D54E5 /* list-view.json in Resources */,
				9346CC27245EDFFC008D54E5 /* label-list-items-plugin.json in Resources */,
			);
			runOnlyForDeploymentPostprocessing = 0;
		};
		9346CC2D245EF00C008D54E5 /* Resources */ = {
			isa = PBXResourcesBuildPhase;
			buildActionMask = 2147483647;
			files = (
			);
			runOnlyForDeploymentPostprocessing = 0;
		};
		9346CC35245EF00C008D54E5 /* Resources */ = {
			isa = PBXResourcesBuildPhase;
			buildActionMask = 2147483647;
			files = (
			);
			runOnlyForDeploymentPostprocessing = 0;
		};
		9394E235245A085F007F2325 /* Resources */ = {
			isa = PBXResourcesBuildPhase;
			buildActionMask = 2147483647;
			files = (
				9394E25E245A087A007F2325 /* wireframe.json in Resources */,
				9394E247245A0860007F2325 /* LaunchScreen.storyboard in Resources */,
				9394E244245A0860007F2325 /* Assets.xcassets in Resources */,
				9394E242245A085F007F2325 /* Main.storyboard in Resources */,
			);
			runOnlyForDeploymentPostprocessing = 0;
		};
		9394E24B245A0860007F2325 /* Resources */ = {
			isa = PBXResourcesBuildPhase;
			buildActionMask = 2147483647;
			files = (
			);
			runOnlyForDeploymentPostprocessing = 0;
		};
		9394E2F1245AB551007F2325 /* Resources */ = {
			isa = PBXResourcesBuildPhase;
			buildActionMask = 2147483647;
			files = (
			);
			runOnlyForDeploymentPostprocessing = 0;
		};
		9394E2F9245AB551007F2325 /* Resources */ = {
			isa = PBXResourcesBuildPhase;
			buildActionMask = 2147483647;
			files = (
				9394E33A245ADBD5007F2325 /* navigation-key.json in Resources */,
				9394E336245AC985007F2325 /* subroutes.json in Resources */,
				9394E334245AB926007F2325 /* root.json in Resources */,
				9346CBB9245DAA9E008D54E5 /* navigation-button-unknown-target.json in Resources */,
				9346CBB1245C427C008D54E5 /* navigation-plugin-invalid.json in Resources */,
				9394E338245ACDF7007F2325 /* navigation-right-buttons.json in Resources */,
				93687771245C33E80077E79A /* navigation-plugin.json in Resources */,
			);
			runOnlyForDeploymentPostprocessing = 0;
		};
/* End PBXResourcesBuildPhase section */

/* Begin PBXSourcesBuildPhase section */
		9346CBDC245DB708008D54E5 /* Sources */ = {
			isa = PBXSourcesBuildPhase;
			buildActionMask = 2147483647;
			files = (
				9346CBE3245DB708008D54E5 /* NavigationTests.swift in Sources */,
				9346CBF6245DC531008D54E5 /* MockNavigation.swift in Sources */,
				9346CBF0245DBEED008D54E5 /* NavigationTestsBundle.swift in Sources */,
			);
			runOnlyForDeploymentPostprocessing = 0;
		};
		9346CC08245EAFD5008D54E5 /* Sources */ = {
			isa = PBXSourcesBuildPhase;
			buildActionMask = 2147483647;
			files = (
				9346CC0F245EAFD5008D54E5 /* ListViewTests.swift in Sources */,
				9346CC1E245ED011008D54E5 /* ListItemPluginTests.swift in Sources */,
			);
			runOnlyForDeploymentPostprocessing = 0;
		};
		9346CC2B245EF00C008D54E5 /* Sources */ = {
			isa = PBXSourcesBuildPhase;
			buildActionMask = 2147483647;
			files = (
				9346CC4B245EF058008D54E5 /* ListItemPluginError.swift in Sources */,
				9346CC47245EF033008D54E5 /* ListItemType.swift in Sources */,
				9346CC5F245EFB4D008D54E5 /* Optional.swift in Sources */,
				9346CC48245EF038008D54E5 /* ListItemPlugin.swift in Sources */,
				9346CC6B245F1D4A008D54E5 /* DetailedLabelListItemPluginImpl.swift in Sources */,
				9346CC4D245EF0A3008D54E5 /* ListItemPluginsManager.swift in Sources */,
				9346CC49245EF03B008D54E5 /* LabelListItemPlugin.swift in Sources */,
				9346CC68245F1BD3008D54E5 /* ListItemPluginDelegate.swift in Sources */,
				9346CC5D245EF6D4008D54E5 /* ImagePlugin.swift in Sources */,
				9346CC5E245EFB4D008D54E5 /* UIEdgeInsets.swift in Sources */,
				9346CC60245EFB4D008D54E5 /* Constraint.swift in Sources */,
				9346CC46245EF030008D54E5 /* ListItem.swift in Sources */,
			);
			runOnlyForDeploymentPostprocessing = 0;
		};
		9346CC33245EF00C008D54E5 /* Sources */ = {
			isa = PBXSourcesBuildPhase;
			buildActionMask = 2147483647;
			files = (
				9346CC3D245EF00C008D54E5 /* ListItemPluginTests.swift in Sources */,
			);
			runOnlyForDeploymentPostprocessing = 0;
		};
		9394E233245A085F007F2325 /* Sources */ = {
			isa = PBXSourcesBuildPhase;
			buildActionMask = 2147483647;
			files = (
				9394E23F245A085F007F2325 /* ViewController.swift in Sources */,
				9394E23B245A085F007F2325 /* AppDelegate.swift in Sources */,
				9394E2E6245A2DF2007F2325 /* ProfilePlugin.swift in Sources */,
			);
			runOnlyForDeploymentPostprocessing = 0;
		};
		9394E249245A0860007F2325 /* Sources */ = {
			isa = PBXSourcesBuildPhase;
			buildActionMask = 2147483647;
			files = (
				9394E252245A0860007F2325 /* JSONWireframeTests.swift in Sources */,
			);
			runOnlyForDeploymentPostprocessing = 0;
		};
		9394E2EF245AB551007F2325 /* Sources */ = {
			isa = PBXSourcesBuildPhase;
			buildActionMask = 2147483647;
			files = (
				9394E318245AB585007F2325 /* Plugin.swift in Sources */,
				9394E31B245AB585007F2325 /* WireframeDatasource.swift in Sources */,
				9394E33D245AE29A007F2325 /* TabBarView.swift in Sources */,
				9394E31A245AB585007F2325 /* RoutableView.swift in Sources */,
				9394E31E245AB58B007F2325 /* Constraint.swift in Sources */,
				9346CC64245F17FB008D54E5 /* ListCell.swift in Sources */,
				9394E344245B11B4007F2325 /* Dismiss.swift in Sources */,
				9394E31D245AB58B007F2325 /* Optional.swift in Sources */,
				9346CC5B245EF2F6008D54E5 /* ListView.swift in Sources */,
				9346CC62245F1580008D54E5 /* ListViewController.swift in Sources */,
				9394E317245AB585007F2325 /* View.swift in Sources */,
				9394E315245AB585007F2325 /* WireframeData.swift in Sources */,
				9346CBB7245C8C32008D54E5 /* NavigationPluginDatasource.swift in Sources */,
				9394E310245AB585007F2325 /* Wireframe.swift in Sources */,
				9394E311245AB585007F2325 /* NavigationButtonType.swift in Sources */,
				9394E33F245AED9A007F2325 /* NavigationManager.swift in Sources */,
				9394E346245B16B2007F2325 /* DefaultRoute.swift in Sources */,
				9394E341245B01FB007F2325 /* Icon.swift in Sources */,
				9346CBB5245C4558008D54E5 /* ErrorViewController.swift in Sources */,
				9394E312245AB585007F2325 /* NavigationButton.swift in Sources */,
				9394E314245AB585007F2325 /* Route.swift in Sources */,
				9346CC66245F181C008D54E5 /* ListViewPresentor.swift in Sources */,
				938069EA245BCBBC00B051AD /* NavigationPlugin.swift in Sources */,
				9394E313245AB585007F2325 /* Navigation.swift in Sources */,
				9394E319245AB585007F2325 /* PluginManager.swift in Sources */,
				9394E316245AB585007F2325 /* RouteButton.swift in Sources */,
				9346CBB3245C436B008D54E5 /* WireframeError.swift in Sources */,
			);
			runOnlyForDeploymentPostprocessing = 0;
		};
		9394E2F7245AB551007F2325 /* Sources */ = {
			isa = PBXSourcesBuildPhase;
			buildActionMask = 2147483647;
			files = (
				9394E32D245AB77D007F2325 /* MockRouteButtonDelegate.swift in Sources */,
				9394E331245AB875007F2325 /* MockWireframeDatasource.swift in Sources */,
				9394E303245AB551007F2325 /* WireframeTests.swift in Sources */,
				9394E328245AB746007F2325 /* RouteButtonTests.swift in Sources */,
				9394E324245AB72C007F2325 /* RouteTests.swift in Sources */,
				9394E322245AB722007F2325 /* NavigationTests.swift in Sources */,
				9394E326245AB73A007F2325 /* WireframeDataTests.swift in Sources */,
				93687773245C34510077E79A /* NavigationPluginTests.swift in Sources */,
				9394E320245AB6D9007F2325 /* NavigationButtonTests.swift in Sources */,
				9394E32F245AB7C4007F2325 /* MockPlugin.swift in Sources */,
				93687776245C34690077E79A /* MockNavigationPlugin.swift in Sources */,
				9394E32A245AB753007F2325 /* ViewTests.swift in Sources */,
			);
			runOnlyForDeploymentPostprocessing = 0;
		};
/* End PBXSourcesBuildPhase section */

/* Begin PBXTargetDependency section */
		9346CBEB245DB71C008D54E5 /* PBXTargetDependency */ = {
			isa = PBXTargetDependency;
			target = 9394E2F2245AB551007F2325 /* Wireframe */;
			targetProxy = 9346CBEA245DB71C008D54E5 /* PBXContainerItemProxy */;
		};
		9346CC13245EAFD5008D54E5 /* PBXTargetDependency */ = {
			isa = PBXTargetDependency;
			target = 9394E2F2245AB551007F2325 /* Wireframe */;
			targetProxy = 9346CC12245EAFD5008D54E5 /* PBXContainerItemProxy */;
		};
		9346CC3A245EF00C008D54E5 /* PBXTargetDependency */ = {
			isa = PBXTargetDependency;
			target = 9346CC2E245EF00C008D54E5 /* ListItemPlugin */;
			targetProxy = 9346CC39245EF00C008D54E5 /* PBXContainerItemProxy */;
		};
		9346CC52245EF132008D54E5 /* PBXTargetDependency */ = {
			isa = PBXTargetDependency;
			target = 9346CC2E245EF00C008D54E5 /* ListItemPlugin */;
			targetProxy = 9346CC51245EF132008D54E5 /* PBXContainerItemProxy */;
		};
		9346CC57245EF13B008D54E5 /* PBXTargetDependency */ = {
			isa = PBXTargetDependency;
			target = 9346CC2E245EF00C008D54E5 /* ListItemPlugin */;
			targetProxy = 9346CC56245EF13B008D54E5 /* PBXContainerItemProxy */;
		};
		9346CC59245EF145008D54E5 /* PBXTargetDependency */ = {
			isa = PBXTargetDependency;
			target = 9346CC2E245EF00C008D54E5 /* ListItemPlugin */;
			targetProxy = 9346CC58245EF145008D54E5 /* PBXContainerItemProxy */;
		};
		9394E24F245A0860007F2325 /* PBXTargetDependency */ = {
			isa = PBXTargetDependency;
			target = 9394E236245A085F007F2325 /* JSONWireframe */;
			targetProxy = 9394E24E245A0860007F2325 /* PBXContainerItemProxy */;
		};
		9394E2FE245AB551007F2325 /* PBXTargetDependency */ = {
			isa = PBXTargetDependency;
			target = 9394E2F2245AB551007F2325 /* Wireframe */;
			targetProxy = 9394E2FD245AB551007F2325 /* PBXContainerItemProxy */;
		};
		9394E307245AB551007F2325 /* PBXTargetDependency */ = {
			isa = PBXTargetDependency;
			target = 9394E2F2245AB551007F2325 /* Wireframe */;
			targetProxy = 9394E306245AB551007F2325 /* PBXContainerItemProxy */;
		};
/* End PBXTargetDependency section */

/* Begin PBXVariantGroup section */
		9394E240245A085F007F2325 /* Main.storyboard */ = {
			isa = PBXVariantGroup;
			children = (
				9394E241245A085F007F2325 /* Base */,
			);
			name = Main.storyboard;
			sourceTree = "<group>";
		};
		9394E245245A0860007F2325 /* LaunchScreen.storyboard */ = {
			isa = PBXVariantGroup;
			children = (
				9394E246245A0860007F2325 /* Base */,
			);
			name = LaunchScreen.storyboard;
			sourceTree = "<group>";
		};
/* End PBXVariantGroup section */

/* Begin XCBuildConfiguration section */
		9346CBE8245DB708008D54E5 /* Debug */ = {
			isa = XCBuildConfiguration;
			buildSettings = {
				BUNDLE_LOADER = "$(TEST_HOST)";
				CODE_SIGN_STYLE = Automatic;
				DEVELOPMENT_TEAM = Z5L45HU7SA;
				INFOPLIST_FILE = NavigationTests/Info.plist;
				IPHONEOS_DEPLOYMENT_TARGET = 10.0;
				LD_RUNPATH_SEARCH_PATHS = (
					"$(inherited)",
					"@executable_path/Frameworks",
					"@loader_path/Frameworks",
				);
				PRODUCT_BUNDLE_IDENTIFIER = thorn.james.david.NavigationTests;
				PRODUCT_NAME = "$(TARGET_NAME)";
				SWIFT_VERSION = 5.0;
				TARGETED_DEVICE_FAMILY = "1,2";
				TEST_HOST = "";
			};
			name = Debug;
		};
		9346CBE9245DB708008D54E5 /* Release */ = {
			isa = XCBuildConfiguration;
			buildSettings = {
				BUNDLE_LOADER = "$(TEST_HOST)";
				CODE_SIGN_STYLE = Automatic;
				DEVELOPMENT_TEAM = Z5L45HU7SA;
				INFOPLIST_FILE = NavigationTests/Info.plist;
				IPHONEOS_DEPLOYMENT_TARGET = 10.0;
				LD_RUNPATH_SEARCH_PATHS = (
					"$(inherited)",
					"@executable_path/Frameworks",
					"@loader_path/Frameworks",
				);
				PRODUCT_BUNDLE_IDENTIFIER = thorn.james.david.NavigationTests;
				PRODUCT_NAME = "$(TARGET_NAME)";
				SWIFT_VERSION = 5.0;
				TARGETED_DEVICE_FAMILY = "1,2";
				TEST_HOST = "";
			};
			name = Release;
		};
		9346CC15245EAFD5008D54E5 /* Debug */ = {
			isa = XCBuildConfiguration;
			buildSettings = {
				CODE_SIGN_STYLE = Automatic;
				DEVELOPMENT_TEAM = Z5L45HU7SA;
				INFOPLIST_FILE = ListViewTests/Info.plist;
				IPHONEOS_DEPLOYMENT_TARGET = 10.0;
				LD_RUNPATH_SEARCH_PATHS = (
					"$(inherited)",
					"@executable_path/Frameworks",
					"@loader_path/Frameworks",
				);
				PRODUCT_BUNDLE_IDENTIFIER = thorn.james.david.ListViewTests;
				PRODUCT_NAME = "$(TARGET_NAME)";
				SWIFT_VERSION = 5.0;
				TARGETED_DEVICE_FAMILY = "1,2";
			};
			name = Debug;
		};
		9346CC16245EAFD5008D54E5 /* Release */ = {
			isa = XCBuildConfiguration;
			buildSettings = {
				CODE_SIGN_STYLE = Automatic;
				DEVELOPMENT_TEAM = Z5L45HU7SA;
				INFOPLIST_FILE = ListViewTests/Info.plist;
				IPHONEOS_DEPLOYMENT_TARGET = 10.0;
				LD_RUNPATH_SEARCH_PATHS = (
					"$(inherited)",
					"@executable_path/Frameworks",
					"@loader_path/Frameworks",
				);
				PRODUCT_BUNDLE_IDENTIFIER = thorn.james.david.ListViewTests;
				PRODUCT_NAME = "$(TARGET_NAME)";
				SWIFT_VERSION = 5.0;
				TARGETED_DEVICE_FAMILY = "1,2";
			};
			name = Release;
		};
		9346CC40245EF00C008D54E5 /* Debug */ = {
			isa = XCBuildConfiguration;
			buildSettings = {
				CODE_SIGN_STYLE = Automatic;
				CURRENT_PROJECT_VERSION = 1;
				DEFINES_MODULE = YES;
				DEVELOPMENT_TEAM = Z5L45HU7SA;
				DYLIB_COMPATIBILITY_VERSION = 1;
				DYLIB_CURRENT_VERSION = 1;
				DYLIB_INSTALL_NAME_BASE = "@rpath";
				INFOPLIST_FILE = ListItemPlugin/Info.plist;
				INSTALL_PATH = "$(LOCAL_LIBRARY_DIR)/Frameworks";
				IPHONEOS_DEPLOYMENT_TARGET = 9.0;
				LD_RUNPATH_SEARCH_PATHS = (
					"$(inherited)",
					"@executable_path/Frameworks",
					"@loader_path/Frameworks",
				);
				PRODUCT_BUNDLE_IDENTIFIER = thorn.james.david.ListItemPlugin;
				PRODUCT_NAME = "$(TARGET_NAME:c99extidentifier)";
				SKIP_INSTALL = YES;
				SWIFT_VERSION = 5.0;
				TARGETED_DEVICE_FAMILY = "1,2";
				VERSIONING_SYSTEM = "apple-generic";
				VERSION_INFO_PREFIX = "";
			};
			name = Debug;
		};
		9346CC41245EF00C008D54E5 /* Release */ = {
			isa = XCBuildConfiguration;
			buildSettings = {
				CODE_SIGN_STYLE = Automatic;
				CURRENT_PROJECT_VERSION = 1;
				DEFINES_MODULE = YES;
				DEVELOPMENT_TEAM = Z5L45HU7SA;
				DYLIB_COMPATIBILITY_VERSION = 1;
				DYLIB_CURRENT_VERSION = 1;
				DYLIB_INSTALL_NAME_BASE = "@rpath";
				INFOPLIST_FILE = ListItemPlugin/Info.plist;
				INSTALL_PATH = "$(LOCAL_LIBRARY_DIR)/Frameworks";
				IPHONEOS_DEPLOYMENT_TARGET = 9.0;
				LD_RUNPATH_SEARCH_PATHS = (
					"$(inherited)",
					"@executable_path/Frameworks",
					"@loader_path/Frameworks",
				);
				PRODUCT_BUNDLE_IDENTIFIER = thorn.james.david.ListItemPlugin;
				PRODUCT_NAME = "$(TARGET_NAME:c99extidentifier)";
				SKIP_INSTALL = YES;
				SWIFT_VERSION = 5.0;
				TARGETED_DEVICE_FAMILY = "1,2";
				VERSIONING_SYSTEM = "apple-generic";
				VERSION_INFO_PREFIX = "";
			};
			name = Release;
		};
		9346CC42245EF00C008D54E5 /* Debug */ = {
			isa = XCBuildConfiguration;
			buildSettings = {
				ALWAYS_EMBED_SWIFT_STANDARD_LIBRARIES = YES;
				CODE_SIGN_STYLE = Automatic;
				DEVELOPMENT_TEAM = Z5L45HU7SA;
				INFOPLIST_FILE = ListItemPluginTests/Info.plist;
				IPHONEOS_DEPLOYMENT_TARGET = 9.0;
				LD_RUNPATH_SEARCH_PATHS = (
					"$(inherited)",
					"@executable_path/Frameworks",
					"@loader_path/Frameworks",
				);
				PRODUCT_BUNDLE_IDENTIFIER = thorn.james.david.ListItemPluginTests;
				PRODUCT_NAME = "$(TARGET_NAME)";
				SWIFT_VERSION = 5.0;
				TARGETED_DEVICE_FAMILY = "1,2";
			};
			name = Debug;
		};
		9346CC43245EF00C008D54E5 /* Release */ = {
			isa = XCBuildConfiguration;
			buildSettings = {
				ALWAYS_EMBED_SWIFT_STANDARD_LIBRARIES = YES;
				CODE_SIGN_STYLE = Automatic;
				DEVELOPMENT_TEAM = Z5L45HU7SA;
				INFOPLIST_FILE = ListItemPluginTests/Info.plist;
				IPHONEOS_DEPLOYMENT_TARGET = 9.0;
				LD_RUNPATH_SEARCH_PATHS = (
					"$(inherited)",
					"@executable_path/Frameworks",
					"@loader_path/Frameworks",
				);
				PRODUCT_BUNDLE_IDENTIFIER = thorn.james.david.ListItemPluginTests;
				PRODUCT_NAME = "$(TARGET_NAME)";
				SWIFT_VERSION = 5.0;
				TARGETED_DEVICE_FAMILY = "1,2";
			};
			name = Release;
		};
		9394E254245A0860007F2325 /* Debug */ = {
			isa = XCBuildConfiguration;
			buildSettings = {
				ALWAYS_SEARCH_USER_PATHS = NO;
				CLANG_ANALYZER_NONNULL = YES;
				CLANG_ANALYZER_NUMBER_OBJECT_CONVERSION = YES_AGGRESSIVE;
				CLANG_CXX_LANGUAGE_STANDARD = "gnu++14";
				CLANG_CXX_LIBRARY = "libc++";
				CLANG_ENABLE_MODULES = YES;
				CLANG_ENABLE_OBJC_ARC = YES;
				CLANG_ENABLE_OBJC_WEAK = YES;
				CLANG_WARN_BLOCK_CAPTURE_AUTORELEASING = YES;
				CLANG_WARN_BOOL_CONVERSION = YES;
				CLANG_WARN_COMMA = YES;
				CLANG_WARN_CONSTANT_CONVERSION = YES;
				CLANG_WARN_DEPRECATED_OBJC_IMPLEMENTATIONS = YES;
				CLANG_WARN_DIRECT_OBJC_ISA_USAGE = YES_ERROR;
				CLANG_WARN_DOCUMENTATION_COMMENTS = YES;
				CLANG_WARN_EMPTY_BODY = YES;
				CLANG_WARN_ENUM_CONVERSION = YES;
				CLANG_WARN_INFINITE_RECURSION = YES;
				CLANG_WARN_INT_CONVERSION = YES;
				CLANG_WARN_NON_LITERAL_NULL_CONVERSION = YES;
				CLANG_WARN_OBJC_IMPLICIT_RETAIN_SELF = YES;
				CLANG_WARN_OBJC_LITERAL_CONVERSION = YES;
				CLANG_WARN_OBJC_ROOT_CLASS = YES_ERROR;
				CLANG_WARN_RANGE_LOOP_ANALYSIS = YES;
				CLANG_WARN_STRICT_PROTOTYPES = YES;
				CLANG_WARN_SUSPICIOUS_MOVE = YES;
				CLANG_WARN_UNGUARDED_AVAILABILITY = YES_AGGRESSIVE;
				CLANG_WARN_UNREACHABLE_CODE = YES;
				CLANG_WARN__DUPLICATE_METHOD_MATCH = YES;
				COPY_PHASE_STRIP = NO;
				DEBUG_INFORMATION_FORMAT = dwarf;
				ENABLE_STRICT_OBJC_MSGSEND = YES;
				ENABLE_TESTABILITY = YES;
				GCC_C_LANGUAGE_STANDARD = gnu11;
				GCC_DYNAMIC_NO_PIC = NO;
				GCC_NO_COMMON_BLOCKS = YES;
				GCC_OPTIMIZATION_LEVEL = 0;
				GCC_PREPROCESSOR_DEFINITIONS = (
					"DEBUG=1",
					"$(inherited)",
				);
				GCC_WARN_64_TO_32_BIT_CONVERSION = YES;
				GCC_WARN_ABOUT_RETURN_TYPE = YES_ERROR;
				GCC_WARN_UNDECLARED_SELECTOR = YES;
				GCC_WARN_UNINITIALIZED_AUTOS = YES_AGGRESSIVE;
				GCC_WARN_UNUSED_FUNCTION = YES;
				GCC_WARN_UNUSED_VARIABLE = YES;
				IPHONEOS_DEPLOYMENT_TARGET = 9.0;
				MTL_ENABLE_DEBUG_INFO = INCLUDE_SOURCE;
				MTL_FAST_MATH = YES;
				ONLY_ACTIVE_ARCH = YES;
				SDKROOT = iphoneos;
				SWIFT_ACTIVE_COMPILATION_CONDITIONS = DEBUG;
				SWIFT_OPTIMIZATION_LEVEL = "-Onone";
			};
			name = Debug;
		};
		9394E255245A0860007F2325 /* Release */ = {
			isa = XCBuildConfiguration;
			buildSettings = {
				ALWAYS_SEARCH_USER_PATHS = NO;
				CLANG_ANALYZER_NONNULL = YES;
				CLANG_ANALYZER_NUMBER_OBJECT_CONVERSION = YES_AGGRESSIVE;
				CLANG_CXX_LANGUAGE_STANDARD = "gnu++14";
				CLANG_CXX_LIBRARY = "libc++";
				CLANG_ENABLE_MODULES = YES;
				CLANG_ENABLE_OBJC_ARC = YES;
				CLANG_ENABLE_OBJC_WEAK = YES;
				CLANG_WARN_BLOCK_CAPTURE_AUTORELEASING = YES;
				CLANG_WARN_BOOL_CONVERSION = YES;
				CLANG_WARN_COMMA = YES;
				CLANG_WARN_CONSTANT_CONVERSION = YES;
				CLANG_WARN_DEPRECATED_OBJC_IMPLEMENTATIONS = YES;
				CLANG_WARN_DIRECT_OBJC_ISA_USAGE = YES_ERROR;
				CLANG_WARN_DOCUMENTATION_COMMENTS = YES;
				CLANG_WARN_EMPTY_BODY = YES;
				CLANG_WARN_ENUM_CONVERSION = YES;
				CLANG_WARN_INFINITE_RECURSION = YES;
				CLANG_WARN_INT_CONVERSION = YES;
				CLANG_WARN_NON_LITERAL_NULL_CONVERSION = YES;
				CLANG_WARN_OBJC_IMPLICIT_RETAIN_SELF = YES;
				CLANG_WARN_OBJC_LITERAL_CONVERSION = YES;
				CLANG_WARN_OBJC_ROOT_CLASS = YES_ERROR;
				CLANG_WARN_RANGE_LOOP_ANALYSIS = YES;
				CLANG_WARN_STRICT_PROTOTYPES = YES;
				CLANG_WARN_SUSPICIOUS_MOVE = YES;
				CLANG_WARN_UNGUARDED_AVAILABILITY = YES_AGGRESSIVE;
				CLANG_WARN_UNREACHABLE_CODE = YES;
				CLANG_WARN__DUPLICATE_METHOD_MATCH = YES;
				COPY_PHASE_STRIP = NO;
				DEBUG_INFORMATION_FORMAT = "dwarf-with-dsym";
				ENABLE_NS_ASSERTIONS = NO;
				ENABLE_STRICT_OBJC_MSGSEND = YES;
				GCC_C_LANGUAGE_STANDARD = gnu11;
				GCC_NO_COMMON_BLOCKS = YES;
				GCC_WARN_64_TO_32_BIT_CONVERSION = YES;
				GCC_WARN_ABOUT_RETURN_TYPE = YES_ERROR;
				GCC_WARN_UNDECLARED_SELECTOR = YES;
				GCC_WARN_UNINITIALIZED_AUTOS = YES_AGGRESSIVE;
				GCC_WARN_UNUSED_FUNCTION = YES;
				GCC_WARN_UNUSED_VARIABLE = YES;
				IPHONEOS_DEPLOYMENT_TARGET = 9.0;
				MTL_ENABLE_DEBUG_INFO = NO;
				MTL_FAST_MATH = YES;
				SDKROOT = iphoneos;
				SWIFT_COMPILATION_MODE = wholemodule;
				SWIFT_OPTIMIZATION_LEVEL = "-O";
				VALIDATE_PRODUCT = YES;
			};
			name = Release;
		};
		9394E257245A0860007F2325 /* Debug */ = {
			isa = XCBuildConfiguration;
			buildSettings = {
				ALWAYS_EMBED_SWIFT_STANDARD_LIBRARIES = YES;
				ASSETCATALOG_COMPILER_APPICON_NAME = AppIcon;
				CODE_SIGN_STYLE = Automatic;
				DEVELOPMENT_TEAM = Z5L45HU7SA;
				INFOPLIST_FILE = JSONWireframe/Info.plist;
				IPHONEOS_DEPLOYMENT_TARGET = 9.0;
				LD_RUNPATH_SEARCH_PATHS = (
					"$(inherited)",
					"@executable_path/Frameworks",
				);
				PRODUCT_BUNDLE_IDENTIFIER = thorn.james.david.JSONWireframe;
				PRODUCT_NAME = "$(TARGET_NAME)";
				SWIFT_VERSION = 5.0;
				TARGETED_DEVICE_FAMILY = "1,2";
			};
			name = Debug;
		};
		9394E258245A0860007F2325 /* Release */ = {
			isa = XCBuildConfiguration;
			buildSettings = {
				ALWAYS_EMBED_SWIFT_STANDARD_LIBRARIES = YES;
				ASSETCATALOG_COMPILER_APPICON_NAME = AppIcon;
				CODE_SIGN_STYLE = Automatic;
				DEVELOPMENT_TEAM = Z5L45HU7SA;
				INFOPLIST_FILE = JSONWireframe/Info.plist;
				IPHONEOS_DEPLOYMENT_TARGET = 9.0;
				LD_RUNPATH_SEARCH_PATHS = (
					"$(inherited)",
					"@executable_path/Frameworks",
				);
				PRODUCT_BUNDLE_IDENTIFIER = thorn.james.david.JSONWireframe;
				PRODUCT_NAME = "$(TARGET_NAME)";
				SWIFT_VERSION = 5.0;
				TARGETED_DEVICE_FAMILY = "1,2";
			};
			name = Release;
		};
		9394E25A245A0860007F2325 /* Debug */ = {
			isa = XCBuildConfiguration;
			buildSettings = {
				ALWAYS_EMBED_SWIFT_STANDARD_LIBRARIES = YES;
				BUNDLE_LOADER = "$(TEST_HOST)";
				CODE_SIGN_STYLE = Automatic;
				DEVELOPMENT_TEAM = Z5L45HU7SA;
				INFOPLIST_FILE = JSONWireframeTests/Info.plist;
				IPHONEOS_DEPLOYMENT_TARGET = 10.0;
				LD_RUNPATH_SEARCH_PATHS = (
					"$(inherited)",
					"@executable_path/Frameworks",
					"@loader_path/Frameworks",
				);
				PRODUCT_BUNDLE_IDENTIFIER = thorn.james.david.JSONWireframeTests;
				PRODUCT_NAME = "$(TARGET_NAME)";
				SWIFT_VERSION = 5.0;
				TARGETED_DEVICE_FAMILY = "1,2";
				TEST_HOST = "$(BUILT_PRODUCTS_DIR)/JSONWireframe.app/JSONWireframe";
			};
			name = Debug;
		};
		9394E25B245A0860007F2325 /* Release */ = {
			isa = XCBuildConfiguration;
			buildSettings = {
				ALWAYS_EMBED_SWIFT_STANDARD_LIBRARIES = YES;
				BUNDLE_LOADER = "$(TEST_HOST)";
				CODE_SIGN_STYLE = Automatic;
				DEVELOPMENT_TEAM = Z5L45HU7SA;
				INFOPLIST_FILE = JSONWireframeTests/Info.plist;
				IPHONEOS_DEPLOYMENT_TARGET = 10.0;
				LD_RUNPATH_SEARCH_PATHS = (
					"$(inherited)",
					"@executable_path/Frameworks",
					"@loader_path/Frameworks",
				);
				PRODUCT_BUNDLE_IDENTIFIER = thorn.james.david.JSONWireframeTests;
				PRODUCT_NAME = "$(TARGET_NAME)";
				SWIFT_VERSION = 5.0;
				TARGETED_DEVICE_FAMILY = "1,2";
				TEST_HOST = "$(BUILT_PRODUCTS_DIR)/JSONWireframe.app/JSONWireframe";
			};
			name = Release;
		};
		9394E30B245AB551007F2325 /* Debug */ = {
			isa = XCBuildConfiguration;
			buildSettings = {
				CODE_SIGN_STYLE = Automatic;
				CURRENT_PROJECT_VERSION = 1;
				DEFINES_MODULE = YES;
				DEVELOPMENT_TEAM = Z5L45HU7SA;
				DYLIB_COMPATIBILITY_VERSION = 1;
				DYLIB_CURRENT_VERSION = 1;
				DYLIB_INSTALL_NAME_BASE = "@rpath";
				INFOPLIST_FILE = Wireframe/Info.plist;
				INSTALL_PATH = "$(LOCAL_LIBRARY_DIR)/Frameworks";
				IPHONEOS_DEPLOYMENT_TARGET = 9.0;
				LD_RUNPATH_SEARCH_PATHS = (
					"$(inherited)",
					"@executable_path/Frameworks",
					"@loader_path/Frameworks",
				);
				PRODUCT_BUNDLE_IDENTIFIER = thorn.james.david.Wireframe;
				PRODUCT_NAME = "$(TARGET_NAME:c99extidentifier)";
				SKIP_INSTALL = YES;
				SWIFT_VERSION = 5.0;
				TARGETED_DEVICE_FAMILY = "1,2";
				VERSIONING_SYSTEM = "apple-generic";
				VERSION_INFO_PREFIX = "";
			};
			name = Debug;
		};
		9394E30C245AB551007F2325 /* Release */ = {
			isa = XCBuildConfiguration;
			buildSettings = {
				CODE_SIGN_STYLE = Automatic;
				CURRENT_PROJECT_VERSION = 1;
				DEFINES_MODULE = YES;
				DEVELOPMENT_TEAM = Z5L45HU7SA;
				DYLIB_COMPATIBILITY_VERSION = 1;
				DYLIB_CURRENT_VERSION = 1;
				DYLIB_INSTALL_NAME_BASE = "@rpath";
				INFOPLIST_FILE = Wireframe/Info.plist;
				INSTALL_PATH = "$(LOCAL_LIBRARY_DIR)/Frameworks";
				IPHONEOS_DEPLOYMENT_TARGET = 9.0;
				LD_RUNPATH_SEARCH_PATHS = (
					"$(inherited)",
					"@executable_path/Frameworks",
					"@loader_path/Frameworks",
				);
				PRODUCT_BUNDLE_IDENTIFIER = thorn.james.david.Wireframe;
				PRODUCT_NAME = "$(TARGET_NAME:c99extidentifier)";
				SKIP_INSTALL = YES;
				SWIFT_VERSION = 5.0;
				TARGETED_DEVICE_FAMILY = "1,2";
				VERSIONING_SYSTEM = "apple-generic";
				VERSION_INFO_PREFIX = "";
			};
			name = Release;
		};
		9394E30E245AB551007F2325 /* Debug */ = {
			isa = XCBuildConfiguration;
			buildSettings = {
				ALWAYS_EMBED_SWIFT_STANDARD_LIBRARIES = YES;
				CODE_SIGN_STYLE = Automatic;
				DEVELOPMENT_TEAM = Z5L45HU7SA;
				INFOPLIST_FILE = WireframeTests/Info.plist;
				LD_RUNPATH_SEARCH_PATHS = (
					"$(inherited)",
					"@executable_path/Frameworks",
					"@loader_path/Frameworks",
				);
				PRODUCT_BUNDLE_IDENTIFIER = thorn.james.david.WireframeTests;
				PRODUCT_NAME = "$(TARGET_NAME)";
				SWIFT_VERSION = 5.0;
				TARGETED_DEVICE_FAMILY = "1,2";
			};
			name = Debug;
		};
		9394E30F245AB551007F2325 /* Release */ = {
			isa = XCBuildConfiguration;
			buildSettings = {
				ALWAYS_EMBED_SWIFT_STANDARD_LIBRARIES = YES;
				CODE_SIGN_STYLE = Automatic;
				DEVELOPMENT_TEAM = Z5L45HU7SA;
				INFOPLIST_FILE = WireframeTests/Info.plist;
				LD_RUNPATH_SEARCH_PATHS = (
					"$(inherited)",
					"@executable_path/Frameworks",
					"@loader_path/Frameworks",
				);
				PRODUCT_BUNDLE_IDENTIFIER = thorn.james.david.WireframeTests;
				PRODUCT_NAME = "$(TARGET_NAME)";
				SWIFT_VERSION = 5.0;
				TARGETED_DEVICE_FAMILY = "1,2";
			};
			name = Release;
		};
/* End XCBuildConfiguration section */

/* Begin XCConfigurationList section */
		9346CBE7245DB708008D54E5 /* Build configuration list for PBXNativeTarget "NavigationTests" */ = {
			isa = XCConfigurationList;
			buildConfigurations = (
				9346CBE8245DB708008D54E5 /* Debug */,
				9346CBE9245DB708008D54E5 /* Release */,
			);
			defaultConfigurationIsVisible = 0;
			defaultConfigurationName = Release;
		};
		9346CC14245EAFD5008D54E5 /* Build configuration list for PBXNativeTarget "ListViewTests" */ = {
			isa = XCConfigurationList;
			buildConfigurations = (
				9346CC15245EAFD5008D54E5 /* Debug */,
				9346CC16245EAFD5008D54E5 /* Release */,
			);
			defaultConfigurationIsVisible = 0;
			defaultConfigurationName = Release;
		};
		9346CC44245EF00C008D54E5 /* Build configuration list for PBXNativeTarget "ListItemPlugin" */ = {
			isa = XCConfigurationList;
			buildConfigurations = (
				9346CC40245EF00C008D54E5 /* Debug */,
				9346CC41245EF00C008D54E5 /* Release */,
			);
			defaultConfigurationIsVisible = 0;
			defaultConfigurationName = Release;
		};
		9346CC45245EF00C008D54E5 /* Build configuration list for PBXNativeTarget "ListItemPluginTests" */ = {
			isa = XCConfigurationList;
			buildConfigurations = (
				9346CC42245EF00C008D54E5 /* Debug */,
				9346CC43245EF00C008D54E5 /* Release */,
			);
			defaultConfigurationIsVisible = 0;
			defaultConfigurationName = Release;
		};
		9394E232245A085F007F2325 /* Build configuration list for PBXProject "JSONWireframe" */ = {
			isa = XCConfigurationList;
			buildConfigurations = (
				9394E254245A0860007F2325 /* Debug */,
				9394E255245A0860007F2325 /* Release */,
			);
			defaultConfigurationIsVisible = 0;
			defaultConfigurationName = Release;
		};
		9394E256245A0860007F2325 /* Build configuration list for PBXNativeTarget "JSONWireframe" */ = {
			isa = XCConfigurationList;
			buildConfigurations = (
				9394E257245A0860007F2325 /* Debug */,
				9394E258245A0860007F2325 /* Release */,
			);
			defaultConfigurationIsVisible = 0;
			defaultConfigurationName = Release;
		};
		9394E259245A0860007F2325 /* Build configuration list for PBXNativeTarget "JSONWireframeTests" */ = {
			isa = XCConfigurationList;
			buildConfigurations = (
				9394E25A245A0860007F2325 /* Debug */,
				9394E25B245A0860007F2325 /* Release */,
			);
			defaultConfigurationIsVisible = 0;
			defaultConfigurationName = Release;
		};
		9394E30A245AB551007F2325 /* Build configuration list for PBXNativeTarget "Wireframe" */ = {
			isa = XCConfigurationList;
			buildConfigurations = (
				9394E30B245AB551007F2325 /* Debug */,
				9394E30C245AB551007F2325 /* Release */,
			);
			defaultConfigurationIsVisible = 0;
			defaultConfigurationName = Release;
		};
		9394E30D245AB551007F2325 /* Build configuration list for PBXNativeTarget "WireframeTests" */ = {
			isa = XCConfigurationList;
			buildConfigurations = (
				9394E30E245AB551007F2325 /* Debug */,
				9394E30F245AB551007F2325 /* Release */,
			);
			defaultConfigurationIsVisible = 0;
			defaultConfigurationName = Release;
		};
/* End XCConfigurationList section */
	};
	rootObject = 9394E22F245A085F007F2325 /* Project object */;
}
