// !$*UTF8*$!
{
	archiveVersion = 1;
	classes = {
	};
	objectVersion = 50;
	objects = {

/* Begin PBXBuildFile section */
		9346CBB1245C427C008D54E5 /* navigation-plugin-invalid.json in Resources */ = {isa = PBXBuildFile; fileRef = 9346CBB0245C427C008D54E5 /* navigation-plugin-invalid.json */; };
		9346CBB3245C436B008D54E5 /* WireframeError.swift in Sources */ = {isa = PBXBuildFile; fileRef = 9346CBB2245C436B008D54E5 /* WireframeError.swift */; };
		9346CBB5245C4558008D54E5 /* ErrorViewController.swift in Sources */ = {isa = PBXBuildFile; fileRef = 9346CBB4245C4558008D54E5 /* ErrorViewController.swift */; };
		93687771245C33E80077E79A /* navigation-plugin.json in Resources */ = {isa = PBXBuildFile; fileRef = 93687770245C33E80077E79A /* navigation-plugin.json */; };
		93687773245C34510077E79A /* NavigationPluginTests.swift in Sources */ = {isa = PBXBuildFile; fileRef = 93687772245C34510077E79A /* NavigationPluginTests.swift */; };
		93687776245C34690077E79A /* MockNavigationPlugin.swift in Sources */ = {isa = PBXBuildFile; fileRef = 93687775245C34690077E79A /* MockNavigationPlugin.swift */; };
		938069EA245BCBBC00B051AD /* NavigationPlugin.swift in Sources */ = {isa = PBXBuildFile; fileRef = 938069E9245BCBBC00B051AD /* NavigationPlugin.swift */; };
		9394E23B245A085F007F2325 /* AppDelegate.swift in Sources */ = {isa = PBXBuildFile; fileRef = 9394E23A245A085F007F2325 /* AppDelegate.swift */; };
		9394E23F245A085F007F2325 /* ViewController.swift in Sources */ = {isa = PBXBuildFile; fileRef = 9394E23E245A085F007F2325 /* ViewController.swift */; };
		9394E242245A085F007F2325 /* Main.storyboard in Resources */ = {isa = PBXBuildFile; fileRef = 9394E240245A085F007F2325 /* Main.storyboard */; };
		9394E244245A0860007F2325 /* Assets.xcassets in Resources */ = {isa = PBXBuildFile; fileRef = 9394E243245A0860007F2325 /* Assets.xcassets */; };
		9394E247245A0860007F2325 /* LaunchScreen.storyboard in Resources */ = {isa = PBXBuildFile; fileRef = 9394E245245A0860007F2325 /* LaunchScreen.storyboard */; };
		9394E252245A0860007F2325 /* JSONWireframeTests.swift in Sources */ = {isa = PBXBuildFile; fileRef = 9394E251245A0860007F2325 /* JSONWireframeTests.swift */; };
		9394E25E245A087A007F2325 /* wireframe.json in Resources */ = {isa = PBXBuildFile; fileRef = 9394E25D245A087A007F2325 /* wireframe.json */; };
		9394E2E6245A2DF2007F2325 /* ProfilePlugin.swift in Sources */ = {isa = PBXBuildFile; fileRef = 9394E2E5245A2DF2007F2325 /* ProfilePlugin.swift */; };
		9394E2FC245AB551007F2325 /* Wireframe.framework in Frameworks */ = {isa = PBXBuildFile; fileRef = 9394E2F3245AB551007F2325 /* Wireframe.framework */; };
		9394E303245AB551007F2325 /* WireframeTests.swift in Sources */ = {isa = PBXBuildFile; fileRef = 9394E302245AB551007F2325 /* WireframeTests.swift */; };
		9394E305245AB551007F2325 /* Wireframe.h in Headers */ = {isa = PBXBuildFile; fileRef = 9394E2F5245AB551007F2325 /* Wireframe.h */; settings = {ATTRIBUTES = (Public, ); }; };
		9394E308245AB551007F2325 /* Wireframe.framework in Frameworks */ = {isa = PBXBuildFile; fileRef = 9394E2F3245AB551007F2325 /* Wireframe.framework */; };
		9394E309245AB551007F2325 /* Wireframe.framework in Embed Frameworks */ = {isa = PBXBuildFile; fileRef = 9394E2F3245AB551007F2325 /* Wireframe.framework */; settings = {ATTRIBUTES = (CodeSignOnCopy, RemoveHeadersOnCopy, ); }; };
		9394E310245AB585007F2325 /* Wireframe.swift in Sources */ = {isa = PBXBuildFile; fileRef = 9394E25F245A08E9007F2325 /* Wireframe.swift */; };
		9394E311245AB585007F2325 /* NavigationButtonType.swift in Sources */ = {isa = PBXBuildFile; fileRef = 9394E2D5245A21A3007F2325 /* NavigationButtonType.swift */; };
		9394E312245AB585007F2325 /* NavigationButton.swift in Sources */ = {isa = PBXBuildFile; fileRef = 9394E2D7245A21B8007F2325 /* NavigationButton.swift */; };
		9394E313245AB585007F2325 /* Navigation.swift in Sources */ = {isa = PBXBuildFile; fileRef = 9394E2D9245A21CE007F2325 /* Navigation.swift */; };
		9394E314245AB585007F2325 /* Route.swift in Sources */ = {isa = PBXBuildFile; fileRef = 9394E2DB245A21E1007F2325 /* Route.swift */; };
		9394E315245AB585007F2325 /* WireframeData.swift in Sources */ = {isa = PBXBuildFile; fileRef = 9394E2DD245A21F4007F2325 /* WireframeData.swift */; };
		9394E316245AB585007F2325 /* RouteButton.swift in Sources */ = {isa = PBXBuildFile; fileRef = 9394E2DF245A221C007F2325 /* RouteButton.swift */; };
		9394E317245AB585007F2325 /* View.swift in Sources */ = {isa = PBXBuildFile; fileRef = 9394E2E1245A223B007F2325 /* View.swift */; };
		9394E318245AB585007F2325 /* Plugin.swift in Sources */ = {isa = PBXBuildFile; fileRef = 9394E2E3245A2C20007F2325 /* Plugin.swift */; };
		9394E319245AB585007F2325 /* PluginManager.swift in Sources */ = {isa = PBXBuildFile; fileRef = 9394E2E7245AB188007F2325 /* PluginManager.swift */; };
		9394E31A245AB585007F2325 /* RoutableView.swift in Sources */ = {isa = PBXBuildFile; fileRef = 9394E2E9245AB1A7007F2325 /* RoutableView.swift */; };
		9394E31B245AB585007F2325 /* WireframeDatasource.swift in Sources */ = {isa = PBXBuildFile; fileRef = 9394E2EB245AB4B5007F2325 /* WireframeDatasource.swift */; };
		9394E31C245AB58B007F2325 /* UIEdgeInsets.swift in Sources */ = {isa = PBXBuildFile; fileRef = 9394E2D2245A14C3007F2325 /* UIEdgeInsets.swift */; };
		9394E31D245AB58B007F2325 /* Optional.swift in Sources */ = {isa = PBXBuildFile; fileRef = 9394E2D0245A1151007F2325 /* Optional.swift */; };
		9394E31E245AB58B007F2325 /* Constraint.swift in Sources */ = {isa = PBXBuildFile; fileRef = 9394E261245A103C007F2325 /* Constraint.swift */; };
		9394E320245AB6D9007F2325 /* NavigationButtonTests.swift in Sources */ = {isa = PBXBuildFile; fileRef = 9394E31F245AB6D9007F2325 /* NavigationButtonTests.swift */; };
		9394E322245AB722007F2325 /* NavigationTests.swift in Sources */ = {isa = PBXBuildFile; fileRef = 9394E321245AB722007F2325 /* NavigationTests.swift */; };
		9394E324245AB72C007F2325 /* RouteTests.swift in Sources */ = {isa = PBXBuildFile; fileRef = 9394E323245AB72C007F2325 /* RouteTests.swift */; };
		9394E326245AB73A007F2325 /* WireframeDataTests.swift in Sources */ = {isa = PBXBuildFile; fileRef = 9394E325245AB73A007F2325 /* WireframeDataTests.swift */; };
		9394E328245AB746007F2325 /* RouteButtonTests.swift in Sources */ = {isa = PBXBuildFile; fileRef = 9394E327245AB746007F2325 /* RouteButtonTests.swift */; };
		9394E32A245AB753007F2325 /* ViewTests.swift in Sources */ = {isa = PBXBuildFile; fileRef = 9394E329245AB753007F2325 /* ViewTests.swift */; };
		9394E32D245AB77D007F2325 /* MockRouteButtonDelegate.swift in Sources */ = {isa = PBXBuildFile; fileRef = 9394E32C245AB77D007F2325 /* MockRouteButtonDelegate.swift */; };
		9394E32F245AB7C4007F2325 /* MockPlugin.swift in Sources */ = {isa = PBXBuildFile; fileRef = 9394E32E245AB7C4007F2325 /* MockPlugin.swift */; };
		9394E331245AB875007F2325 /* MockWireframeDatasource.swift in Sources */ = {isa = PBXBuildFile; fileRef = 9394E330245AB875007F2325 /* MockWireframeDatasource.swift */; };
		9394E334245AB926007F2325 /* root.json in Resources */ = {isa = PBXBuildFile; fileRef = 9394E333245AB926007F2325 /* root.json */; };
		9394E336245AC985007F2325 /* subroutes.json in Resources */ = {isa = PBXBuildFile; fileRef = 9394E335245AC985007F2325 /* subroutes.json */; };
		9394E338245ACDF7007F2325 /* navigation-right-buttons.json in Resources */ = {isa = PBXBuildFile; fileRef = 9394E337245ACDF7007F2325 /* navigation-right-buttons.json */; };
		9394E33A245ADBD5007F2325 /* navigation-key.json in Resources */ = {isa = PBXBuildFile; fileRef = 9394E339245ADBD5007F2325 /* navigation-key.json */; };
		9394E33D245AE29A007F2325 /* TabBarView.swift in Sources */ = {isa = PBXBuildFile; fileRef = 9394E33C245AE29A007F2325 /* TabBarView.swift */; };
		9394E33F245AED9A007F2325 /* NavigationManager.swift in Sources */ = {isa = PBXBuildFile; fileRef = 9394E33E245AED9A007F2325 /* NavigationManager.swift */; };
		9394E341245B01FB007F2325 /* Icon.swift in Sources */ = {isa = PBXBuildFile; fileRef = 9394E340245B01FB007F2325 /* Icon.swift */; };
		9394E344245B11B4007F2325 /* Dismiss.swift in Sources */ = {isa = PBXBuildFile; fileRef = 9394E343245B11B4007F2325 /* Dismiss.swift */; };
		9394E346245B16B2007F2325 /* DefaultRoute.swift in Sources */ = {isa = PBXBuildFile; fileRef = 9394E345245B16B2007F2325 /* DefaultRoute.swift */; };
/* End PBXBuildFile section */

/* Begin PBXContainerItemProxy section */
		9394E24E245A0860007F2325 /* PBXContainerItemProxy */ = {
			isa = PBXContainerItemProxy;
			containerPortal = 9394E22F245A085F007F2325 /* Project object */;
			proxyType = 1;
			remoteGlobalIDString = 9394E236245A085F007F2325;
			remoteInfo = JSONWireframe;
		};
		9394E2FD245AB551007F2325 /* PBXContainerItemProxy */ = {
			isa = PBXContainerItemProxy;
			containerPortal = 9394E22F245A085F007F2325 /* Project object */;
			proxyType = 1;
			remoteGlobalIDString = 9394E2F2245AB551007F2325;
			remoteInfo = Wireframe;
		};
		9394E2FF245AB551007F2325 /* PBXContainerItemProxy */ = {
			isa = PBXContainerItemProxy;
			containerPortal = 9394E22F245A085F007F2325 /* Project object */;
			proxyType = 1;
			remoteGlobalIDString = 9394E236245A085F007F2325;
			remoteInfo = JSONWireframe;
		};
		9394E306245AB551007F2325 /* PBXContainerItemProxy */ = {
			isa = PBXContainerItemProxy;
			containerPortal = 9394E22F245A085F007F2325 /* Project object */;
			proxyType = 1;
			remoteGlobalIDString = 9394E2F2245AB551007F2325;
			remoteInfo = Wireframe;
		};
/* End PBXContainerItemProxy section */

/* Begin PBXCopyFilesBuildPhase section */
		9394E274245A105B007F2325 /* Embed Frameworks */ = {
			isa = PBXCopyFilesBuildPhase;
			buildActionMask = 2147483647;
			dstPath = "";
			dstSubfolderSpec = 10;
			files = (
				9394E309245AB551007F2325 /* Wireframe.framework in Embed Frameworks */,
			);
			name = "Embed Frameworks";
			runOnlyForDeploymentPostprocessing = 0;
		};
/* End PBXCopyFilesBuildPhase section */

/* Begin PBXFileReference section */
		9346CBB0245C427C008D54E5 /* navigation-plugin-invalid.json */ = {isa = PBXFileReference; lastKnownFileType = text.json; path = "navigation-plugin-invalid.json"; sourceTree = "<group>"; };
		9346CBB2245C436B008D54E5 /* WireframeError.swift */ = {isa = PBXFileReference; lastKnownFileType = sourcecode.swift; path = WireframeError.swift; sourceTree = "<group>"; };
		9346CBB4245C4558008D54E5 /* ErrorViewController.swift */ = {isa = PBXFileReference; lastKnownFileType = sourcecode.swift; path = ErrorViewController.swift; sourceTree = "<group>"; };
		93687770245C33E80077E79A /* navigation-plugin.json */ = {isa = PBXFileReference; lastKnownFileType = text.json; path = "navigation-plugin.json"; sourceTree = "<group>"; };
		93687772245C34510077E79A /* NavigationPluginTests.swift */ = {isa = PBXFileReference; lastKnownFileType = sourcecode.swift; path = NavigationPluginTests.swift; sourceTree = "<group>"; };
		93687775245C34690077E79A /* MockNavigationPlugin.swift */ = {isa = PBXFileReference; lastKnownFileType = sourcecode.swift; path = MockNavigationPlugin.swift; sourceTree = "<group>"; };
		938069E9245BCBBC00B051AD /* NavigationPlugin.swift */ = {isa = PBXFileReference; lastKnownFileType = sourcecode.swift; path = NavigationPlugin.swift; sourceTree = "<group>"; };
		9394E237245A085F007F2325 /* JSONWireframe.app */ = {isa = PBXFileReference; explicitFileType = wrapper.application; includeInIndex = 0; path = JSONWireframe.app; sourceTree = BUILT_PRODUCTS_DIR; };
		9394E23A245A085F007F2325 /* AppDelegate.swift */ = {isa = PBXFileReference; lastKnownFileType = sourcecode.swift; path = AppDelegate.swift; sourceTree = "<group>"; };
		9394E23E245A085F007F2325 /* ViewController.swift */ = {isa = PBXFileReference; lastKnownFileType = sourcecode.swift; path = ViewController.swift; sourceTree = "<group>"; };
		9394E241245A085F007F2325 /* Base */ = {isa = PBXFileReference; lastKnownFileType = file.storyboard; name = Base; path = Base.lproj/Main.storyboard; sourceTree = "<group>"; };
		9394E243245A0860007F2325 /* Assets.xcassets */ = {isa = PBXFileReference; lastKnownFileType = folder.assetcatalog; path = Assets.xcassets; sourceTree = "<group>"; };
		9394E246245A0860007F2325 /* Base */ = {isa = PBXFileReference; lastKnownFileType = file.storyboard; name = Base; path = Base.lproj/LaunchScreen.storyboard; sourceTree = "<group>"; };
		9394E248245A0860007F2325 /* Info.plist */ = {isa = PBXFileReference; lastKnownFileType = text.plist.xml; path = Info.plist; sourceTree = "<group>"; };
		9394E24D245A0860007F2325 /* JSONWireframeTests.xctest */ = {isa = PBXFileReference; explicitFileType = wrapper.cfbundle; includeInIndex = 0; path = JSONWireframeTests.xctest; sourceTree = BUILT_PRODUCTS_DIR; };
		9394E251245A0860007F2325 /* JSONWireframeTests.swift */ = {isa = PBXFileReference; lastKnownFileType = sourcecode.swift; path = JSONWireframeTests.swift; sourceTree = "<group>"; };
		9394E253245A0860007F2325 /* Info.plist */ = {isa = PBXFileReference; lastKnownFileType = text.plist.xml; path = Info.plist; sourceTree = "<group>"; };
		9394E25D245A087A007F2325 /* wireframe.json */ = {isa = PBXFileReference; lastKnownFileType = text.json; path = wireframe.json; sourceTree = "<group>"; };
		9394E25F245A08E9007F2325 /* Wireframe.swift */ = {isa = PBXFileReference; lastKnownFileType = sourcecode.swift; path = Wireframe.swift; sourceTree = "<group>"; };
		9394E261245A103C007F2325 /* Constraint.swift */ = {isa = PBXFileReference; fileEncoding = 4; lastKnownFileType = sourcecode.swift; path = Constraint.swift; sourceTree = "<group>"; };
		9394E2D0245A1151007F2325 /* Optional.swift */ = {isa = PBXFileReference; fileEncoding = 4; lastKnownFileType = sourcecode.swift; path = Optional.swift; sourceTree = "<group>"; };
		9394E2D2245A14C3007F2325 /* UIEdgeInsets.swift */ = {isa = PBXFileReference; fileEncoding = 4; lastKnownFileType = sourcecode.swift; path = UIEdgeInsets.swift; sourceTree = "<group>"; };
		9394E2D5245A21A3007F2325 /* NavigationButtonType.swift */ = {isa = PBXFileReference; lastKnownFileType = sourcecode.swift; path = NavigationButtonType.swift; sourceTree = "<group>"; };
		9394E2D7245A21B8007F2325 /* NavigationButton.swift */ = {isa = PBXFileReference; lastKnownFileType = sourcecode.swift; path = NavigationButton.swift; sourceTree = "<group>"; };
		9394E2D9245A21CE007F2325 /* Navigation.swift */ = {isa = PBXFileReference; lastKnownFileType = sourcecode.swift; path = Navigation.swift; sourceTree = "<group>"; };
		9394E2DB245A21E1007F2325 /* Route.swift */ = {isa = PBXFileReference; lastKnownFileType = sourcecode.swift; path = Route.swift; sourceTree = "<group>"; };
		9394E2DD245A21F4007F2325 /* WireframeData.swift */ = {isa = PBXFileReference; lastKnownFileType = sourcecode.swift; path = WireframeData.swift; sourceTree = "<group>"; };
		9394E2DF245A221C007F2325 /* RouteButton.swift */ = {isa = PBXFileReference; lastKnownFileType = sourcecode.swift; path = RouteButton.swift; sourceTree = "<group>"; };
		9394E2E1245A223B007F2325 /* View.swift */ = {isa = PBXFileReference; lastKnownFileType = sourcecode.swift; path = View.swift; sourceTree = "<group>"; };
		9394E2E3245A2C20007F2325 /* Plugin.swift */ = {isa = PBXFileReference; lastKnownFileType = sourcecode.swift; path = Plugin.swift; sourceTree = "<group>"; };
		9394E2E5245A2DF2007F2325 /* ProfilePlugin.swift */ = {isa = PBXFileReference; lastKnownFileType = sourcecode.swift; path = ProfilePlugin.swift; sourceTree = "<group>"; };
		9394E2E7245AB188007F2325 /* PluginManager.swift */ = {isa = PBXFileReference; lastKnownFileType = sourcecode.swift; path = PluginManager.swift; sourceTree = "<group>"; };
		9394E2E9245AB1A7007F2325 /* RoutableView.swift */ = {isa = PBXFileReference; lastKnownFileType = sourcecode.swift; path = RoutableView.swift; sourceTree = "<group>"; };
		9394E2EB245AB4B5007F2325 /* WireframeDatasource.swift */ = {isa = PBXFileReference; lastKnownFileType = sourcecode.swift; path = WireframeDatasource.swift; sourceTree = "<group>"; };
		9394E2F3245AB551007F2325 /* Wireframe.framework */ = {isa = PBXFileReference; explicitFileType = wrapper.framework; includeInIndex = 0; path = Wireframe.framework; sourceTree = BUILT_PRODUCTS_DIR; };
		9394E2F5245AB551007F2325 /* Wireframe.h */ = {isa = PBXFileReference; lastKnownFileType = sourcecode.c.h; path = Wireframe.h; sourceTree = "<group>"; };
		9394E2F6245AB551007F2325 /* Info.plist */ = {isa = PBXFileReference; lastKnownFileType = text.plist.xml; path = Info.plist; sourceTree = "<group>"; };
		9394E2FB245AB551007F2325 /* WireframeTests.xctest */ = {isa = PBXFileReference; explicitFileType = wrapper.cfbundle; includeInIndex = 0; path = WireframeTests.xctest; sourceTree = BUILT_PRODUCTS_DIR; };
		9394E302245AB551007F2325 /* WireframeTests.swift */ = {isa = PBXFileReference; lastKnownFileType = sourcecode.swift; path = WireframeTests.swift; sourceTree = "<group>"; };
		9394E304245AB551007F2325 /* Info.plist */ = {isa = PBXFileReference; lastKnownFileType = text.plist.xml; path = Info.plist; sourceTree = "<group>"; };
		9394E31F245AB6D9007F2325 /* NavigationButtonTests.swift */ = {isa = PBXFileReference; lastKnownFileType = sourcecode.swift; path = NavigationButtonTests.swift; sourceTree = "<group>"; };
		9394E321245AB722007F2325 /* NavigationTests.swift */ = {isa = PBXFileReference; lastKnownFileType = sourcecode.swift; path = NavigationTests.swift; sourceTree = "<group>"; };
		9394E323245AB72C007F2325 /* RouteTests.swift */ = {isa = PBXFileReference; lastKnownFileType = sourcecode.swift; path = RouteTests.swift; sourceTree = "<group>"; };
		9394E325245AB73A007F2325 /* WireframeDataTests.swift */ = {isa = PBXFileReference; lastKnownFileType = sourcecode.swift; path = WireframeDataTests.swift; sourceTree = "<group>"; };
		9394E327245AB746007F2325 /* RouteButtonTests.swift */ = {isa = PBXFileReference; lastKnownFileType = sourcecode.swift; path = RouteButtonTests.swift; sourceTree = "<group>"; };
		9394E329245AB753007F2325 /* ViewTests.swift */ = {isa = PBXFileReference; lastKnownFileType = sourcecode.swift; path = ViewTests.swift; sourceTree = "<group>"; };
		9394E32C245AB77D007F2325 /* MockRouteButtonDelegate.swift */ = {isa = PBXFileReference; lastKnownFileType = sourcecode.swift; path = MockRouteButtonDelegate.swift; sourceTree = "<group>"; };
		9394E32E245AB7C4007F2325 /* MockPlugin.swift */ = {isa = PBXFileReference; lastKnownFileType = sourcecode.swift; path = MockPlugin.swift; sourceTree = "<group>"; };
		9394E330245AB875007F2325 /* MockWireframeDatasource.swift */ = {isa = PBXFileReference; lastKnownFileType = sourcecode.swift; path = MockWireframeDatasource.swift; sourceTree = "<group>"; };
		9394E333245AB926007F2325 /* root.json */ = {isa = PBXFileReference; lastKnownFileType = text.json; path = root.json; sourceTree = "<group>"; };
		9394E335245AC985007F2325 /* subroutes.json */ = {isa = PBXFileReference; lastKnownFileType = text.json; path = subroutes.json; sourceTree = "<group>"; };
		9394E337245ACDF7007F2325 /* navigation-right-buttons.json */ = {isa = PBXFileReference; lastKnownFileType = text.json; path = "navigation-right-buttons.json"; sourceTree = "<group>"; };
		9394E339245ADBD5007F2325 /* navigation-key.json */ = {isa = PBXFileReference; lastKnownFileType = text.json; path = "navigation-key.json"; sourceTree = "<group>"; };
		9394E33C245AE29A007F2325 /* TabBarView.swift */ = {isa = PBXFileReference; lastKnownFileType = sourcecode.swift; path = TabBarView.swift; sourceTree = "<group>"; };
		9394E33E245AED9A007F2325 /* NavigationManager.swift */ = {isa = PBXFileReference; lastKnownFileType = sourcecode.swift; path = NavigationManager.swift; sourceTree = "<group>"; };
		9394E340245B01FB007F2325 /* Icon.swift */ = {isa = PBXFileReference; lastKnownFileType = sourcecode.swift; path = Icon.swift; sourceTree = "<group>"; };
		9394E343245B11B4007F2325 /* Dismiss.swift */ = {isa = PBXFileReference; lastKnownFileType = sourcecode.swift; path = Dismiss.swift; sourceTree = "<group>"; };
		9394E345245B16B2007F2325 /* DefaultRoute.swift */ = {isa = PBXFileReference; lastKnownFileType = sourcecode.swift; path = DefaultRoute.swift; sourceTree = "<group>"; };
/* End PBXFileReference section */

/* Begin PBXFrameworksBuildPhase section */
		9394E234245A085F007F2325 /* Frameworks */ = {
			isa = PBXFrameworksBuildPhase;
			buildActionMask = 2147483647;
			files = (
				9394E308245AB551007F2325 /* Wireframe.framework in Frameworks */,
			);
			runOnlyForDeploymentPostprocessing = 0;
		};
		9394E24A245A0860007F2325 /* Frameworks */ = {
			isa = PBXFrameworksBuildPhase;
			buildActionMask = 2147483647;
			files = (
			);
			runOnlyForDeploymentPostprocessing = 0;
		};
		9394E2F0245AB551007F2325 /* Frameworks */ = {
			isa = PBXFrameworksBuildPhase;
			buildActionMask = 2147483647;
			files = (
			);
			runOnlyForDeploymentPostprocessing = 0;
		};
		9394E2F8245AB551007F2325 /* Frameworks */ = {
			isa = PBXFrameworksBuildPhase;
			buildActionMask = 2147483647;
			files = (
				9394E2FC245AB551007F2325 /* Wireframe.framework in Frameworks */,
			);
			runOnlyForDeploymentPostprocessing = 0;
		};
/* End PBXFrameworksBuildPhase section */

/* Begin PBXGroup section */
		93687774245C34540077E79A /* NavigationPlugin */ = {
			isa = PBXGroup;
			children = (
				93687772245C34510077E79A /* NavigationPluginTests.swift */,
				93687775245C34690077E79A /* MockNavigationPlugin.swift */,
			);
			path = NavigationPlugin;
			sourceTree = "<group>";
		};
		938069E8245BCBA600B051AD /* Plugins */ = {
			isa = PBXGroup;
			children = (
				9394E2E3245A2C20007F2325 /* Plugin.swift */,
				9394E2E7245AB188007F2325 /* PluginManager.swift */,
				938069E9245BCBBC00B051AD /* NavigationPlugin.swift */,
			);
			path = Plugins;
			sourceTree = "<group>";
		};
		9394E22E245A085F007F2325 = {
			isa = PBXGroup;
			children = (
				9394E239245A085F007F2325 /* JSONWireframe */,
				9394E250245A0860007F2325 /* JSONWireframeTests */,
				9394E2F4245AB551007F2325 /* Wireframe */,
				9394E301245AB551007F2325 /* WireframeTests */,
				9394E238245A085F007F2325 /* Products */,
			);
			sourceTree = "<group>";
		};
		9394E238245A085F007F2325 /* Products */ = {
			isa = PBXGroup;
			children = (
				9394E237245A085F007F2325 /* JSONWireframe.app */,
				9394E24D245A0860007F2325 /* JSONWireframeTests.xctest */,
				9394E2F3245AB551007F2325 /* Wireframe.framework */,
				9394E2FB245AB551007F2325 /* WireframeTests.xctest */,
			);
			name = Products;
			sourceTree = "<group>";
		};
		9394E239245A085F007F2325 /* JSONWireframe */ = {
			isa = PBXGroup;
			children = (
				9394E2ED245AB539007F2325 /* Plugins */,
				9394E23A245A085F007F2325 /* AppDelegate.swift */,
				9394E25D245A087A007F2325 /* wireframe.json */,
				9394E23E245A085F007F2325 /* ViewController.swift */,
				9394E240245A085F007F2325 /* Main.storyboard */,
				9394E243245A0860007F2325 /* Assets.xcassets */,
				9394E245245A0860007F2325 /* LaunchScreen.storyboard */,
				9394E248245A0860007F2325 /* Info.plist */,
			);
			path = JSONWireframe;
			sourceTree = "<group>";
		};
		9394E250245A0860007F2325 /* JSONWireframeTests */ = {
			isa = PBXGroup;
			children = (
				9394E251245A0860007F2325 /* JSONWireframeTests.swift */,
				9394E253245A0860007F2325 /* Info.plist */,
			);
			path = JSONWireframeTests;
			sourceTree = "<group>";
		};
		9394E25C245A0869007F2325 /* Resources */ = {
			isa = PBXGroup;
			children = (
				9394E2D2245A14C3007F2325 /* UIEdgeInsets.swift */,
				9394E2D0245A1151007F2325 /* Optional.swift */,
				9394E261245A103C007F2325 /* Constraint.swift */,
				9394E33E245AED9A007F2325 /* NavigationManager.swift */,
				9346CBB2245C436B008D54E5 /* WireframeError.swift */,
				9346CBB4245C4558008D54E5 /* ErrorViewController.swift */,
			);
			path = Resources;
			sourceTree = "<group>";
		};
		9394E2D4245A2193007F2325 /* Classes */ = {
			isa = PBXGroup;
			children = (
				938069E8245BCBA600B051AD /* Plugins */,
				9394E342245B11A3007F2325 /* DefaultItems */,
				9394E33B245AE27A007F2325 /* ViewTypes */,
				9394E25F245A08E9007F2325 /* Wireframe.swift */,
				9394E2D5245A21A3007F2325 /* NavigationButtonType.swift */,
				9394E2D7245A21B8007F2325 /* NavigationButton.swift */,
				9394E2D9245A21CE007F2325 /* Navigation.swift */,
				9394E2DB245A21E1007F2325 /* Route.swift */,
				9394E2DD245A21F4007F2325 /* WireframeData.swift */,
				9394E2DF245A221C007F2325 /* RouteButton.swift */,
				9394E2E1245A223B007F2325 /* View.swift */,
				9394E2E9245AB1A7007F2325 /* RoutableView.swift */,
				9394E2EB245AB4B5007F2325 /* WireframeDatasource.swift */,
				9394E340245B01FB007F2325 /* Icon.swift */,
			);
			path = Classes;
			sourceTree = "<group>";
		};
		9394E2ED245AB539007F2325 /* Plugins */ = {
			isa = PBXGroup;
			children = (
				9394E2E5245A2DF2007F2325 /* ProfilePlugin.swift */,
			);
			path = Plugins;
			sourceTree = "<group>";
		};
		9394E2F4245AB551007F2325 /* Wireframe */ = {
			isa = PBXGroup;
			children = (
				9394E2D4245A2193007F2325 /* Classes */,
				9394E25C245A0869007F2325 /* Resources */,
				9394E2F5245AB551007F2325 /* Wireframe.h */,
				9394E2F6245AB551007F2325 /* Info.plist */,
			);
			path = Wireframe;
			sourceTree = "<group>";
		};
		9394E301245AB551007F2325 /* WireframeTests */ = {
			isa = PBXGroup;
			children = (
				93687774245C34540077E79A /* NavigationPlugin */,
				9394E332245AB911007F2325 /* Resources */,
				9394E32B245AB764007F2325 /* Mocks */,
				9394E302245AB551007F2325 /* WireframeTests.swift */,
				9394E304245AB551007F2325 /* Info.plist */,
				9394E31F245AB6D9007F2325 /* NavigationButtonTests.swift */,
				9394E321245AB722007F2325 /* NavigationTests.swift */,
				9394E323245AB72C007F2325 /* RouteTests.swift */,
				9394E325245AB73A007F2325 /* WireframeDataTests.swift */,
				9394E327245AB746007F2325 /* RouteButtonTests.swift */,
				9394E329245AB753007F2325 /* ViewTests.swift */,
			);
			path = WireframeTests;
			sourceTree = "<group>";
		};
		9394E32B245AB764007F2325 /* Mocks */ = {
			isa = PBXGroup;
			children = (
				9394E32C245AB77D007F2325 /* MockRouteButtonDelegate.swift */,
				9394E32E245AB7C4007F2325 /* MockPlugin.swift */,
				9394E330245AB875007F2325 /* MockWireframeDatasource.swift */,
			);
			path = Mocks;
			sourceTree = "<group>";
		};
		9394E332245AB911007F2325 /* Resources */ = {
			isa = PBXGroup;
			children = (
				9394E333245AB926007F2325 /* root.json */,
				9394E335245AC985007F2325 /* subroutes.json */,
				9394E337245ACDF7007F2325 /* navigation-right-buttons.json */,
				9394E339245ADBD5007F2325 /* navigation-key.json */,
				93687770245C33E80077E79A /* navigation-plugin.json */,
				9346CBB0245C427C008D54E5 /* navigation-plugin-invalid.json */,
			);
			path = Resources;
			sourceTree = "<group>";
		};
		9394E33B245AE27A007F2325 /* ViewTypes */ = {
			isa = PBXGroup;
			children = (
				9394E33C245AE29A007F2325 /* TabBarView.swift */,
			);
			path = ViewTypes;
			sourceTree = "<group>";
		};
		9394E342245B11A3007F2325 /* DefaultItems */ = {
			isa = PBXGroup;
			children = (
				9394E343245B11B4007F2325 /* Dismiss.swift */,
				9394E345245B16B2007F2325 /* DefaultRoute.swift */,
			);
			path = DefaultItems;
			sourceTree = "<group>";
		};
/* End PBXGroup section */

/* Begin PBXHeadersBuildPhase section */
		9394E2EE245AB551007F2325 /* Headers */ = {
			isa = PBXHeadersBuildPhase;
			buildActionMask = 2147483647;
			files = (
				9394E305245AB551007F2325 /* Wireframe.h in Headers */,
			);
			runOnlyForDeploymentPostprocessing = 0;
		};
/* End PBXHeadersBuildPhase section */

/* Begin PBXNativeTarget section */
		9394E236245A085F007F2325 /* JSONWireframe */ = {
			isa = PBXNativeTarget;
			buildConfigurationList = 9394E256245A0860007F2325 /* Build configuration list for PBXNativeTarget "JSONWireframe" */;
			buildPhases = (
				9394E233245A085F007F2325 /* Sources */,
				9394E234245A085F007F2325 /* Frameworks */,
				9394E235245A085F007F2325 /* Resources */,
				9394E274245A105B007F2325 /* Embed Frameworks */,
			);
			buildRules = (
			);
			dependencies = (
				9394E307245AB551007F2325 /* PBXTargetDependency */,
			);
			name = JSONWireframe;
			productName = JSONWireframe;
			productReference = 9394E237245A085F007F2325 /* JSONWireframe.app */;
			productType = "com.apple.product-type.application";
		};
		9394E24C245A0860007F2325 /* JSONWireframeTests */ = {
			isa = PBXNativeTarget;
			buildConfigurationList = 9394E259245A0860007F2325 /* Build configuration list for PBXNativeTarget "JSONWireframeTests" */;
			buildPhases = (
				9394E249245A0860007F2325 /* Sources */,
				9394E24A245A0860007F2325 /* Frameworks */,
				9394E24B245A0860007F2325 /* Resources */,
			);
			buildRules = (
			);
			dependencies = (
				9394E24F245A0860007F2325 /* PBXTargetDependency */,
			);
			name = JSONWireframeTests;
			productName = JSONWireframeTests;
			productReference = 9394E24D245A0860007F2325 /* JSONWireframeTests.xctest */;
			productType = "com.apple.product-type.bundle.unit-test";
		};
		9394E2F2245AB551007F2325 /* Wireframe */ = {
			isa = PBXNativeTarget;
			buildConfigurationList = 9394E30A245AB551007F2325 /* Build configuration list for PBXNativeTarget "Wireframe" */;
			buildPhases = (
				9394E2EE245AB551007F2325 /* Headers */,
				9394E2EF245AB551007F2325 /* Sources */,
				9394E2F0245AB551007F2325 /* Frameworks */,
				9394E2F1245AB551007F2325 /* Resources */,
			);
			buildRules = (
			);
			dependencies = (
			);
			name = Wireframe;
			productName = Wireframe;
			productReference = 9394E2F3245AB551007F2325 /* Wireframe.framework */;
			productType = "com.apple.product-type.framework";
		};
		9394E2FA245AB551007F2325 /* WireframeTests */ = {
			isa = PBXNativeTarget;
			buildConfigurationList = 9394E30D245AB551007F2325 /* Build configuration list for PBXNativeTarget "WireframeTests" */;
			buildPhases = (
				9394E2F7245AB551007F2325 /* Sources */,
				9394E2F8245AB551007F2325 /* Frameworks */,
				9394E2F9245AB551007F2325 /* Resources */,
			);
			buildRules = (
			);
			dependencies = (
				9394E2FE245AB551007F2325 /* PBXTargetDependency */,
				9394E300245AB551007F2325 /* PBXTargetDependency */,
			);
			name = WireframeTests;
			productName = WireframeTests;
			productReference = 9394E2FB245AB551007F2325 /* WireframeTests.xctest */;
			productType = "com.apple.product-type.bundle.unit-test";
		};
/* End PBXNativeTarget section */

/* Begin PBXProject section */
		9394E22F245A085F007F2325 /* Project object */ = {
			isa = PBXProject;
			attributes = {
				LastSwiftUpdateCheck = 1140;
				LastUpgradeCheck = 1140;
				ORGANIZATIONNAME = "David Thorn";
				TargetAttributes = {
					9394E236245A085F007F2325 = {
						CreatedOnToolsVersion = 11.4.1;
					};
					9394E24C245A0860007F2325 = {
						CreatedOnToolsVersion = 11.4.1;
						TestTargetID = 9394E236245A085F007F2325;
					};
					9394E2F2245AB551007F2325 = {
						CreatedOnToolsVersion = 11.4.1;
					};
					9394E2FA245AB551007F2325 = {
						CreatedOnToolsVersion = 11.4.1;
					};
				};
			};
			buildConfigurationList = 9394E232245A085F007F2325 /* Build configuration list for PBXProject "JSONWireframe" */;
			compatibilityVersion = "Xcode 9.3";
			developmentRegion = en;
			hasScannedForEncodings = 0;
			knownRegions = (
				en,
				Base,
			);
			mainGroup = 9394E22E245A085F007F2325;
			productRefGroup = 9394E238245A085F007F2325 /* Products */;
			projectDirPath = "";
			projectRoot = "";
			targets = (
				9394E236245A085F007F2325 /* JSONWireframe */,
				9394E24C245A0860007F2325 /* JSONWireframeTests */,
				9394E2F2245AB551007F2325 /* Wireframe */,
				9394E2FA245AB551007F2325 /* WireframeTests */,
			);
		};
/* End PBXProject section */

/* Begin PBXResourcesBuildPhase section */
		9394E235245A085F007F2325 /* Resources */ = {
			isa = PBXResourcesBuildPhase;
			buildActionMask = 2147483647;
			files = (
				9394E25E245A087A007F2325 /* wireframe.json in Resources */,
				9394E247245A0860007F2325 /* LaunchScreen.storyboard in Resources */,
				9394E244245A0860007F2325 /* Assets.xcassets in Resources */,
				9394E242245A085F007F2325 /* Main.storyboard in Resources */,
			);
			runOnlyForDeploymentPostprocessing = 0;
		};
		9394E24B245A0860007F2325 /* Resources */ = {
			isa = PBXResourcesBuildPhase;
			buildActionMask = 2147483647;
			files = (
			);
			runOnlyForDeploymentPostprocessing = 0;
		};
		9394E2F1245AB551007F2325 /* Resources */ = {
			isa = PBXResourcesBuildPhase;
			buildActionMask = 2147483647;
			files = (
			);
			runOnlyForDeploymentPostprocessing = 0;
		};
		9394E2F9245AB551007F2325 /* Resources */ = {
			isa = PBXResourcesBuildPhase;
			buildActionMask = 2147483647;
			files = (
				9394E33A245ADBD5007F2325 /* navigation-key.json in Resources */,
				9394E336245AC985007F2325 /* subroutes.json in Resources */,
				9394E334245AB926007F2325 /* root.json in Resources */,
				9346CBB1245C427C008D54E5 /* navigation-plugin-invalid.json in Resources */,
				9394E338245ACDF7007F2325 /* navigation-right-buttons.json in Resources */,
				93687771245C33E80077E79A /* navigation-plugin.json in Resources */,
			);
			runOnlyForDeploymentPostprocessing = 0;
		};
/* End PBXResourcesBuildPhase section */

/* Begin PBXSourcesBuildPhase section */
		9394E233245A085F007F2325 /* Sources */ = {
			isa = PBXSourcesBuildPhase;
			buildActionMask = 2147483647;
			files = (
				9394E23F245A085F007F2325 /* ViewController.swift in Sources */,
				9394E23B245A085F007F2325 /* AppDelegate.swift in Sources */,
				9394E2E6245A2DF2007F2325 /* ProfilePlugin.swift in Sources */,
			);
			runOnlyForDeploymentPostprocessing = 0;
		};
		9394E249245A0860007F2325 /* Sources */ = {
			isa = PBXSourcesBuildPhase;
			buildActionMask = 2147483647;
			files = (
				9394E252245A0860007F2325 /* JSONWireframeTests.swift in Sources */,
			);
			runOnlyForDeploymentPostprocessing = 0;
		};
		9394E2EF245AB551007F2325 /* Sources */ = {
			isa = PBXSourcesBuildPhase;
			buildActionMask = 2147483647;
			files = (
				9394E318245AB585007F2325 /* Plugin.swift in Sources */,
				9394E31B245AB585007F2325 /* WireframeDatasource.swift in Sources */,
				9394E33D245AE29A007F2325 /* TabBarView.swift in Sources */,
				9394E31A245AB585007F2325 /* RoutableView.swift in Sources */,
				9394E31E245AB58B007F2325 /* Constraint.swift in Sources */,
				9394E344245B11B4007F2325 /* Dismiss.swift in Sources */,
				9394E31D245AB58B007F2325 /* Optional.swift in Sources */,
				9394E31C245AB58B007F2325 /* UIEdgeInsets.swift in Sources */,
				9394E317245AB585007F2325 /* View.swift in Sources */,
				9394E315245AB585007F2325 /* WireframeData.swift in Sources */,
				9394E310245AB585007F2325 /* Wireframe.swift in Sources */,
				9394E311245AB585007F2325 /* NavigationButtonType.swift in Sources */,
				9394E33F245AED9A007F2325 /* NavigationManager.swift in Sources */,
				9394E346245B16B2007F2325 /* DefaultRoute.swift in Sources */,
				9394E341245B01FB007F2325 /* Icon.swift in Sources */,
				9346CBB5245C4558008D54E5 /* ErrorViewController.swift in Sources */,
				9394E312245AB585007F2325 /* NavigationButton.swift in Sources */,
				9394E314245AB585007F2325 /* Route.swift in Sources */,
				938069EA245BCBBC00B051AD /* NavigationPlugin.swift in Sources */,
				9394E313245AB585007F2325 /* Navigation.swift in Sources */,
				9394E319245AB585007F2325 /* PluginManager.swift in Sources */,
				9394E316245AB585007F2325 /* RouteButton.swift in Sources */,
				9346CBB3245C436B008D54E5 /* WireframeError.swift in Sources */,
			);
			runOnlyForDeploymentPostprocessing = 0;
		};
		9394E2F7245AB551007F2325 /* Sources */ = {
			isa = PBXSourcesBuildPhase;
			buildActionMask = 2147483647;
			files = (
				9394E32D245AB77D007F2325 /* MockRouteButtonDelegate.swift in Sources */,
				9394E331245AB875007F2325 /* MockWireframeDatasource.swift in Sources */,
				9394E303245AB551007F2325 /* WireframeTests.swift in Sources */,
				9394E328245AB746007F2325 /* RouteButtonTests.swift in Sources */,
				9394E324245AB72C007F2325 /* RouteTests.swift in Sources */,
				9394E322245AB722007F2325 /* NavigationTests.swift in Sources */,
				9394E326245AB73A007F2325 /* WireframeDataTests.swift in Sources */,
				93687773245C34510077E79A /* NavigationPluginTests.swift in Sources */,
				9394E320245AB6D9007F2325 /* NavigationButtonTests.swift in Sources */,
				9394E32F245AB7C4007F2325 /* MockPlugin.swift in Sources */,
				93687776245C34690077E79A /* MockNavigationPlugin.swift in Sources */,
				9394E32A245AB753007F2325 /* ViewTests.swift in Sources */,
			);
			runOnlyForDeploymentPostprocessing = 0;
		};
/* End PBXSourcesBuildPhase section */

/* Begin PBXTargetDependency section */
		9394E24F245A0860007F2325 /* PBXTargetDependency */ = {
			isa = PBXTargetDependency;
			target = 9394E236245A085F007F2325 /* JSONWireframe */;
			targetProxy = 9394E24E245A0860007F2325 /* PBXContainerItemProxy */;
		};
		9394E2FE245AB551007F2325 /* PBXTargetDependency */ = {
			isa = PBXTargetDependency;
			target = 9394E2F2245AB551007F2325 /* Wireframe */;
			targetProxy = 9394E2FD245AB551007F2325 /* PBXContainerItemProxy */;
		};
		9394E300245AB551007F2325 /* PBXTargetDependency */ = {
			isa = PBXTargetDependency;
			target = 9394E236245A085F007F2325 /* JSONWireframe */;
			targetProxy = 9394E2FF245AB551007F2325 /* PBXContainerItemProxy */;
		};
		9394E307245AB551007F2325 /* PBXTargetDependency */ = {
			isa = PBXTargetDependency;
			target = 9394E2F2245AB551007F2325 /* Wireframe */;
			targetProxy = 9394E306245AB551007F2325 /* PBXContainerItemProxy */;
		};
/* End PBXTargetDependency section */

/* Begin PBXVariantGroup section */
		9394E240245A085F007F2325 /* Main.storyboard */ = {
			isa = PBXVariantGroup;
			children = (
				9394E241245A085F007F2325 /* Base */,
			);
			name = Main.storyboard;
			sourceTree = "<group>";
		};
		9394E245245A0860007F2325 /* LaunchScreen.storyboard */ = {
			isa = PBXVariantGroup;
			children = (
				9394E246245A0860007F2325 /* Base */,
			);
			name = LaunchScreen.storyboard;
			sourceTree = "<group>";
		};
/* End PBXVariantGroup section */

/* Begin XCBuildConfiguration section */
		9394E254245A0860007F2325 /* Debug */ = {
			isa = XCBuildConfiguration;
			buildSettings = {
				ALWAYS_SEARCH_USER_PATHS = NO;
				CLANG_ANALYZER_NONNULL = YES;
				CLANG_ANALYZER_NUMBER_OBJECT_CONVERSION = YES_AGGRESSIVE;
				CLANG_CXX_LANGUAGE_STANDARD = "gnu++14";
				CLANG_CXX_LIBRARY = "libc++";
				CLANG_ENABLE_MODULES = YES;
				CLANG_ENABLE_OBJC_ARC = YES;
				CLANG_ENABLE_OBJC_WEAK = YES;
				CLANG_WARN_BLOCK_CAPTURE_AUTORELEASING = YES;
				CLANG_WARN_BOOL_CONVERSION = YES;
				CLANG_WARN_COMMA = YES;
				CLANG_WARN_CONSTANT_CONVERSION = YES;
				CLANG_WARN_DEPRECATED_OBJC_IMPLEMENTATIONS = YES;
				CLANG_WARN_DIRECT_OBJC_ISA_USAGE = YES_ERROR;
				CLANG_WARN_DOCUMENTATION_COMMENTS = YES;
				CLANG_WARN_EMPTY_BODY = YES;
				CLANG_WARN_ENUM_CONVERSION = YES;
				CLANG_WARN_INFINITE_RECURSION = YES;
				CLANG_WARN_INT_CONVERSION = YES;
				CLANG_WARN_NON_LITERAL_NULL_CONVERSION = YES;
				CLANG_WARN_OBJC_IMPLICIT_RETAIN_SELF = YES;
				CLANG_WARN_OBJC_LITERAL_CONVERSION = YES;
				CLANG_WARN_OBJC_ROOT_CLASS = YES_ERROR;
				CLANG_WARN_RANGE_LOOP_ANALYSIS = YES;
				CLANG_WARN_STRICT_PROTOTYPES = YES;
				CLANG_WARN_SUSPICIOUS_MOVE = YES;
				CLANG_WARN_UNGUARDED_AVAILABILITY = YES_AGGRESSIVE;
				CLANG_WARN_UNREACHABLE_CODE = YES;
				CLANG_WARN__DUPLICATE_METHOD_MATCH = YES;
				COPY_PHASE_STRIP = NO;
				DEBUG_INFORMATION_FORMAT = dwarf;
				ENABLE_STRICT_OBJC_MSGSEND = YES;
				ENABLE_TESTABILITY = YES;
				GCC_C_LANGUAGE_STANDARD = gnu11;
				GCC_DYNAMIC_NO_PIC = NO;
				GCC_NO_COMMON_BLOCKS = YES;
				GCC_OPTIMIZATION_LEVEL = 0;
				GCC_PREPROCESSOR_DEFINITIONS = (
					"DEBUG=1",
					"$(inherited)",
				);
				GCC_WARN_64_TO_32_BIT_CONVERSION = YES;
				GCC_WARN_ABOUT_RETURN_TYPE = YES_ERROR;
				GCC_WARN_UNDECLARED_SELECTOR = YES;
				GCC_WARN_UNINITIALIZED_AUTOS = YES_AGGRESSIVE;
				GCC_WARN_UNUSED_FUNCTION = YES;
				GCC_WARN_UNUSED_VARIABLE = YES;
				IPHONEOS_DEPLOYMENT_TARGET = 10.0;
				MTL_ENABLE_DEBUG_INFO = INCLUDE_SOURCE;
				MTL_FAST_MATH = YES;
				ONLY_ACTIVE_ARCH = YES;
				SDKROOT = iphoneos;
				SWIFT_ACTIVE_COMPILATION_CONDITIONS = DEBUG;
				SWIFT_OPTIMIZATION_LEVEL = "-Onone";
			};
			name = Debug;
		};
		9394E255245A0860007F2325 /* Release */ = {
			isa = XCBuildConfiguration;
			buildSettings = {
				ALWAYS_SEARCH_USER_PATHS = NO;
				CLANG_ANALYZER_NONNULL = YES;
				CLANG_ANALYZER_NUMBER_OBJECT_CONVERSION = YES_AGGRESSIVE;
				CLANG_CXX_LANGUAGE_STANDARD = "gnu++14";
				CLANG_CXX_LIBRARY = "libc++";
				CLANG_ENABLE_MODULES = YES;
				CLANG_ENABLE_OBJC_ARC = YES;
				CLANG_ENABLE_OBJC_WEAK = YES;
				CLANG_WARN_BLOCK_CAPTURE_AUTORELEASING = YES;
				CLANG_WARN_BOOL_CONVERSION = YES;
				CLANG_WARN_COMMA = YES;
				CLANG_WARN_CONSTANT_CONVERSION = YES;
				CLANG_WARN_DEPRECATED_OBJC_IMPLEMENTATIONS = YES;
				CLANG_WARN_DIRECT_OBJC_ISA_USAGE = YES_ERROR;
				CLANG_WARN_DOCUMENTATION_COMMENTS = YES;
				CLANG_WARN_EMPTY_BODY = YES;
				CLANG_WARN_ENUM_CONVERSION = YES;
				CLANG_WARN_INFINITE_RECURSION = YES;
				CLANG_WARN_INT_CONVERSION = YES;
				CLANG_WARN_NON_LITERAL_NULL_CONVERSION = YES;
				CLANG_WARN_OBJC_IMPLICIT_RETAIN_SELF = YES;
				CLANG_WARN_OBJC_LITERAL_CONVERSION = YES;
				CLANG_WARN_OBJC_ROOT_CLASS = YES_ERROR;
				CLANG_WARN_RANGE_LOOP_ANALYSIS = YES;
				CLANG_WARN_STRICT_PROTOTYPES = YES;
				CLANG_WARN_SUSPICIOUS_MOVE = YES;
				CLANG_WARN_UNGUARDED_AVAILABILITY = YES_AGGRESSIVE;
				CLANG_WARN_UNREACHABLE_CODE = YES;
				CLANG_WARN__DUPLICATE_METHOD_MATCH = YES;
				COPY_PHASE_STRIP = NO;
				DEBUG_INFORMATION_FORMAT = "dwarf-with-dsym";
				ENABLE_NS_ASSERTIONS = NO;
				ENABLE_STRICT_OBJC_MSGSEND = YES;
				GCC_C_LANGUAGE_STANDARD = gnu11;
				GCC_NO_COMMON_BLOCKS = YES;
				GCC_WARN_64_TO_32_BIT_CONVERSION = YES;
				GCC_WARN_ABOUT_RETURN_TYPE = YES_ERROR;
				GCC_WARN_UNDECLARED_SELECTOR = YES;
				GCC_WARN_UNINITIALIZED_AUTOS = YES_AGGRESSIVE;
				GCC_WARN_UNUSED_FUNCTION = YES;
				GCC_WARN_UNUSED_VARIABLE = YES;
				IPHONEOS_DEPLOYMENT_TARGET = 10.0;
				MTL_ENABLE_DEBUG_INFO = NO;
				MTL_FAST_MATH = YES;
				SDKROOT = iphoneos;
				SWIFT_COMPILATION_MODE = wholemodule;
				SWIFT_OPTIMIZATION_LEVEL = "-O";
				VALIDATE_PRODUCT = YES;
			};
			name = Release;
		};
		9394E257245A0860007F2325 /* Debug */ = {
			isa = XCBuildConfiguration;
			buildSettings = {
				ALWAYS_EMBED_SWIFT_STANDARD_LIBRARIES = YES;
				ASSETCATALOG_COMPILER_APPICON_NAME = AppIcon;
				CODE_SIGN_STYLE = Automatic;
				DEVELOPMENT_TEAM = Z5L45HU7SA;
				INFOPLIST_FILE = JSONWireframe/Info.plist;
				IPHONEOS_DEPLOYMENT_TARGET = 9.0;
				LD_RUNPATH_SEARCH_PATHS = (
					"$(inherited)",
					"@executable_path/Frameworks",
				);
				PRODUCT_BUNDLE_IDENTIFIER = thorn.james.david.JSONWireframe;
				PRODUCT_NAME = "$(TARGET_NAME)";
				SWIFT_VERSION = 5.0;
				TARGETED_DEVICE_FAMILY = "1,2";
			};
			name = Debug;
		};
		9394E258245A0860007F2325 /* Release */ = {
			isa = XCBuildConfiguration;
			buildSettings = {
				ALWAYS_EMBED_SWIFT_STANDARD_LIBRARIES = YES;
				ASSETCATALOG_COMPILER_APPICON_NAME = AppIcon;
				CODE_SIGN_STYLE = Automatic;
				DEVELOPMENT_TEAM = Z5L45HU7SA;
				INFOPLIST_FILE = JSONWireframe/Info.plist;
				IPHONEOS_DEPLOYMENT_TARGET = 9.0;
				LD_RUNPATH_SEARCH_PATHS = (
					"$(inherited)",
					"@executable_path/Frameworks",
				);
				PRODUCT_BUNDLE_IDENTIFIER = thorn.james.david.JSONWireframe;
				PRODUCT_NAME = "$(TARGET_NAME)";
				SWIFT_VERSION = 5.0;
				TARGETED_DEVICE_FAMILY = "1,2";
			};
			name = Release;
		};
		9394E25A245A0860007F2325 /* Debug */ = {
			isa = XCBuildConfiguration;
			buildSettings = {
				ALWAYS_EMBED_SWIFT_STANDARD_LIBRARIES = YES;
				BUNDLE_LOADER = "$(TEST_HOST)";
				CODE_SIGN_STYLE = Automatic;
				DEVELOPMENT_TEAM = Z5L45HU7SA;
				INFOPLIST_FILE = JSONWireframeTests/Info.plist;
				IPHONEOS_DEPLOYMENT_TARGET = 10.0;
				LD_RUNPATH_SEARCH_PATHS = (
					"$(inherited)",
					"@executable_path/Frameworks",
					"@loader_path/Frameworks",
				);
				PRODUCT_BUNDLE_IDENTIFIER = thorn.james.david.JSONWireframeTests;
				PRODUCT_NAME = "$(TARGET_NAME)";
				SWIFT_VERSION = 5.0;
				TARGETED_DEVICE_FAMILY = "1,2";
				TEST_HOST = "$(BUILT_PRODUCTS_DIR)/JSONWireframe.app/JSONWireframe";
			};
			name = Debug;
		};
		9394E25B245A0860007F2325 /* Release */ = {
			isa = XCBuildConfiguration;
			buildSettings = {
				ALWAYS_EMBED_SWIFT_STANDARD_LIBRARIES = YES;
				BUNDLE_LOADER = "$(TEST_HOST)";
				CODE_SIGN_STYLE = Automatic;
				DEVELOPMENT_TEAM = Z5L45HU7SA;
				INFOPLIST_FILE = JSONWireframeTests/Info.plist;
				IPHONEOS_DEPLOYMENT_TARGET = 10.0;
				LD_RUNPATH_SEARCH_PATHS = (
					"$(inherited)",
					"@executable_path/Frameworks",
					"@loader_path/Frameworks",
				);
				PRODUCT_BUNDLE_IDENTIFIER = thorn.james.david.JSONWireframeTests;
				PRODUCT_NAME = "$(TARGET_NAME)";
				SWIFT_VERSION = 5.0;
				TARGETED_DEVICE_FAMILY = "1,2";
				TEST_HOST = "$(BUILT_PRODUCTS_DIR)/JSONWireframe.app/JSONWireframe";
			};
			name = Release;
		};
		9394E30B245AB551007F2325 /* Debug */ = {
			isa = XCBuildConfiguration;
			buildSettings = {
				CODE_SIGN_STYLE = Automatic;
				CURRENT_PROJECT_VERSION = 1;
				DEFINES_MODULE = YES;
				DEVELOPMENT_TEAM = Z5L45HU7SA;
				DYLIB_COMPATIBILITY_VERSION = 1;
				DYLIB_CURRENT_VERSION = 1;
				DYLIB_INSTALL_NAME_BASE = "@rpath";
				INFOPLIST_FILE = Wireframe/Info.plist;
				INSTALL_PATH = "$(LOCAL_LIBRARY_DIR)/Frameworks";
				IPHONEOS_DEPLOYMENT_TARGET = 9.0;
				LD_RUNPATH_SEARCH_PATHS = (
					"$(inherited)",
					"@executable_path/Frameworks",
					"@loader_path/Frameworks",
				);
				PRODUCT_BUNDLE_IDENTIFIER = thorn.james.david.Wireframe;
				PRODUCT_NAME = "$(TARGET_NAME:c99extidentifier)";
				SKIP_INSTALL = YES;
				SWIFT_VERSION = 5.0;
				TARGETED_DEVICE_FAMILY = "1,2";
				VERSIONING_SYSTEM = "apple-generic";
				VERSION_INFO_PREFIX = "";
			};
			name = Debug;
		};
		9394E30C245AB551007F2325 /* Release */ = {
			isa = XCBuildConfiguration;
			buildSettings = {
				CODE_SIGN_STYLE = Automatic;
				CURRENT_PROJECT_VERSION = 1;
				DEFINES_MODULE = YES;
				DEVELOPMENT_TEAM = Z5L45HU7SA;
				DYLIB_COMPATIBILITY_VERSION = 1;
				DYLIB_CURRENT_VERSION = 1;
				DYLIB_INSTALL_NAME_BASE = "@rpath";
				INFOPLIST_FILE = Wireframe/Info.plist;
				INSTALL_PATH = "$(LOCAL_LIBRARY_DIR)/Frameworks";
				IPHONEOS_DEPLOYMENT_TARGET = 9.0;
				LD_RUNPATH_SEARCH_PATHS = (
					"$(inherited)",
					"@executable_path/Frameworks",
					"@loader_path/Frameworks",
				);
				PRODUCT_BUNDLE_IDENTIFIER = thorn.james.david.Wireframe;
				PRODUCT_NAME = "$(TARGET_NAME:c99extidentifier)";
				SKIP_INSTALL = YES;
				SWIFT_VERSION = 5.0;
				TARGETED_DEVICE_FAMILY = "1,2";
				VERSIONING_SYSTEM = "apple-generic";
				VERSION_INFO_PREFIX = "";
			};
			name = Release;
		};
		9394E30E245AB551007F2325 /* Debug */ = {
			isa = XCBuildConfiguration;
			buildSettings = {
				ALWAYS_EMBED_SWIFT_STANDARD_LIBRARIES = YES;
				CODE_SIGN_STYLE = Automatic;
				DEVELOPMENT_TEAM = Z5L45HU7SA;
				INFOPLIST_FILE = WireframeTests/Info.plist;
				LD_RUNPATH_SEARCH_PATHS = (
					"$(inherited)",
					"@executable_path/Frameworks",
					"@loader_path/Frameworks",
				);
				PRODUCT_BUNDLE_IDENTIFIER = thorn.james.david.WireframeTests;
				PRODUCT_NAME = "$(TARGET_NAME)";
				SWIFT_VERSION = 5.0;
				TARGETED_DEVICE_FAMILY = "1,2";
			};
			name = Debug;
		};
		9394E30F245AB551007F2325 /* Release */ = {
			isa = XCBuildConfiguration;
			buildSettings = {
				ALWAYS_EMBED_SWIFT_STANDARD_LIBRARIES = YES;
				CODE_SIGN_STYLE = Automatic;
				DEVELOPMENT_TEAM = Z5L45HU7SA;
				INFOPLIST_FILE = WireframeTests/Info.plist;
				LD_RUNPATH_SEARCH_PATHS = (
					"$(inherited)",
					"@executable_path/Frameworks",
					"@loader_path/Frameworks",
				);
				PRODUCT_BUNDLE_IDENTIFIER = thorn.james.david.WireframeTests;
				PRODUCT_NAME = "$(TARGET_NAME)";
				SWIFT_VERSION = 5.0;
				TARGETED_DEVICE_FAMILY = "1,2";
			};
			name = Release;
		};
/* End XCBuildConfiguration section */

/* Begin XCConfigurationList section */
		9394E232245A085F007F2325 /* Build configuration list for PBXProject "JSONWireframe" */ = {
			isa = XCConfigurationList;
			buildConfigurations = (
				9394E254245A0860007F2325 /* Debug */,
				9394E255245A0860007F2325 /* Release */,
			);
			defaultConfigurationIsVisible = 0;
			defaultConfigurationName = Release;
		};
		9394E256245A0860007F2325 /* Build configuration list for PBXNativeTarget "JSONWireframe" */ = {
			isa = XCConfigurationList;
			buildConfigurations = (
				9394E257245A0860007F2325 /* Debug */,
				9394E258245A0860007F2325 /* Release */,
			);
			defaultConfigurationIsVisible = 0;
			defaultConfigurationName = Release;
		};
		9394E259245A0860007F2325 /* Build configuration list for PBXNativeTarget "JSONWireframeTests" */ = {
			isa = XCConfigurationList;
			buildConfigurations = (
				9394E25A245A0860007F2325 /* Debug */,
				9394E25B245A0860007F2325 /* Release */,
			);
			defaultConfigurationIsVisible = 0;
			defaultConfigurationName = Release;
		};
		9394E30A245AB551007F2325 /* Build configuration list for PBXNativeTarget "Wireframe" */ = {
			isa = XCConfigurationList;
			buildConfigurations = (
				9394E30B245AB551007F2325 /* Debug */,
				9394E30C245AB551007F2325 /* Release */,
			);
			defaultConfigurationIsVisible = 0;
			defaultConfigurationName = Release;
		};
		9394E30D245AB551007F2325 /* Build configuration list for PBXNativeTarget "WireframeTests" */ = {
			isa = XCConfigurationList;
			buildConfigurations = (
				9394E30E245AB551007F2325 /* Debug */,
				9394E30F245AB551007F2325 /* Release */,
			);
			defaultConfigurationIsVisible = 0;
			defaultConfigurationName = Release;
		};
/* End XCConfigurationList section */
	};
	rootObject = 9394E22F245A085F007F2325 /* Project object */;
}
